// !$*UTF8*$!
{
	archiveVersion = 1;
	classes = {
	};
	objectVersion = 55;
	objects = {

/* Begin PBXBuildFile section */
		2AC7A36628517C9100D7CA60 /* Color+.swift in Sources */ = {isa = PBXBuildFile; fileRef = 2AC7A36528517C9100D7CA60 /* Color+.swift */; };
		AB9CD1A728515F4B00589D07 /* TechomeApp.swift in Sources */ = {isa = PBXBuildFile; fileRef = AB9CD1A628515F4B00589D07 /* TechomeApp.swift */; };
		AB9CD1A928515F4B00589D07 /* ContentView.swift in Sources */ = {isa = PBXBuildFile; fileRef = AB9CD1A828515F4B00589D07 /* ContentView.swift */; };
		AB9CD1AB28515F4D00589D07 /* Assets.xcassets in Resources */ = {isa = PBXBuildFile; fileRef = AB9CD1AA28515F4D00589D07 /* Assets.xcassets */; };
		AB9CD1AE28515F4D00589D07 /* Preview Assets.xcassets in Resources */ = {isa = PBXBuildFile; fileRef = AB9CD1AD28515F4D00589D07 /* Preview Assets.xcassets */; };
		AB9CD1BB2851675600589D07 /* tempExtension.swift in Sources */ = {isa = PBXBuildFile; fileRef = AB9CD1BA2851675600589D07 /* tempExtension.swift */; };
		AB9CD1BD2851675E00589D07 /* tempResources.swift in Sources */ = {isa = PBXBuildFile; fileRef = AB9CD1BC2851675E00589D07 /* tempResources.swift */; };
		AB9CD1C02851676A00589D07 /* tempModel.swift in Sources */ = {isa = PBXBuildFile; fileRef = AB9CD1BF2851676A00589D07 /* tempModel.swift */; };
		AB9CD1C22851677000589D07 /* tempViewModel.swift in Sources */ = {isa = PBXBuildFile; fileRef = AB9CD1C12851677000589D07 /* tempViewModel.swift */; };
		DA774E4C2851C1CD009BA4EA /* JSONManager.swift in Sources */ = {isa = PBXBuildFile; fileRef = DA774E4B2851C1CD009BA4EA /* JSONManager.swift */; };
		DA774E4F2851C21B009BA4EA /* Beverage.swift in Sources */ = {isa = PBXBuildFile; fileRef = DA774E4E2851C21B009BA4EA /* Beverage.swift */; };
		DA774E572851C29D009BA4EA /* Franchise.swift in Sources */ = {isa = PBXBuildFile; fileRef = DA774E562851C29D009BA4EA /* Franchise.swift */; };
		DA774E5A2851C2FC009BA4EA /* SideEffectRecord.swift in Sources */ = {isa = PBXBuildFile; fileRef = DA774E592851C2FC009BA4EA /* SideEffectRecord.swift */; };
		DA774E5C2851C3F3009BA4EA /* BeverageRecord.swift in Sources */ = {isa = PBXBuildFile; fileRef = DA774E5B2851C3F3009BA4EA /* BeverageRecord.swift */; };
		DAD0F9F5285316540039FB08 /* SideEffectRecordManager.swift in Sources */ = {isa = PBXBuildFile; fileRef = DAD0F9F4285316540039FB08 /* SideEffectRecordManager.swift */; };
		DAD0F9F7285323A20039FB08 /* Formatter.swift in Sources */ = {isa = PBXBuildFile; fileRef = DAD0F9F6285323A20039FB08 /* Formatter.swift */; };
		DADFFD6128526536009DB7E4 /* DummyData.swift in Sources */ = {isa = PBXBuildFile; fileRef = DADFFD6028526536009DB7E4 /* DummyData.swift */; };
		DADFFD6B28530CA3009DB7E4 /* IntakeRecordManager.swift in Sources */ = {isa = PBXBuildFile; fileRef = DADFFD6A28530CA3009DB7E4 /* IntakeRecordManager.swift */; };
/* End PBXBuildFile section */

/* Begin PBXFileReference section */
		2AC7A36528517C9100D7CA60 /* Color+.swift */ = {isa = PBXFileReference; lastKnownFileType = sourcecode.swift; path = "Color+.swift"; sourceTree = "<group>"; };
		AB9CD1A328515F4B00589D07 /* Techome.app */ = {isa = PBXFileReference; explicitFileType = wrapper.application; includeInIndex = 0; path = Techome.app; sourceTree = BUILT_PRODUCTS_DIR; };
		AB9CD1A628515F4B00589D07 /* TechomeApp.swift */ = {isa = PBXFileReference; lastKnownFileType = sourcecode.swift; path = TechomeApp.swift; sourceTree = "<group>"; };
		AB9CD1A828515F4B00589D07 /* ContentView.swift */ = {isa = PBXFileReference; lastKnownFileType = sourcecode.swift; path = ContentView.swift; sourceTree = "<group>"; };
		AB9CD1AA28515F4D00589D07 /* Assets.xcassets */ = {isa = PBXFileReference; lastKnownFileType = folder.assetcatalog; path = Assets.xcassets; sourceTree = "<group>"; };
		AB9CD1AD28515F4D00589D07 /* Preview Assets.xcassets */ = {isa = PBXFileReference; lastKnownFileType = folder.assetcatalog; path = "Preview Assets.xcassets"; sourceTree = "<group>"; };
		AB9CD1BA2851675600589D07 /* tempExtension.swift */ = {isa = PBXFileReference; lastKnownFileType = sourcecode.swift; path = tempExtension.swift; sourceTree = "<group>"; };
		AB9CD1BC2851675E00589D07 /* tempResources.swift */ = {isa = PBXFileReference; lastKnownFileType = sourcecode.swift; path = tempResources.swift; sourceTree = "<group>"; };
		AB9CD1BF2851676A00589D07 /* tempModel.swift */ = {isa = PBXFileReference; lastKnownFileType = sourcecode.swift; path = tempModel.swift; sourceTree = "<group>"; };
		AB9CD1C12851677000589D07 /* tempViewModel.swift */ = {isa = PBXFileReference; lastKnownFileType = sourcecode.swift; path = tempViewModel.swift; sourceTree = "<group>"; };
		DA774E4B2851C1CD009BA4EA /* JSONManager.swift */ = {isa = PBXFileReference; lastKnownFileType = sourcecode.swift; path = JSONManager.swift; sourceTree = "<group>"; };
		DA774E4E2851C21B009BA4EA /* Beverage.swift */ = {isa = PBXFileReference; lastKnownFileType = sourcecode.swift; path = Beverage.swift; sourceTree = "<group>"; };
		DA774E562851C29D009BA4EA /* Franchise.swift */ = {isa = PBXFileReference; lastKnownFileType = sourcecode.swift; path = Franchise.swift; sourceTree = "<group>"; };
		DA774E592851C2FC009BA4EA /* SideEffectRecord.swift */ = {isa = PBXFileReference; lastKnownFileType = sourcecode.swift; path = SideEffectRecord.swift; sourceTree = "<group>"; };
		DA774E5B2851C3F3009BA4EA /* BeverageRecord.swift */ = {isa = PBXFileReference; lastKnownFileType = sourcecode.swift; path = BeverageRecord.swift; sourceTree = "<group>"; };
		DAD0F9F4285316540039FB08 /* SideEffectRecordManager.swift */ = {isa = PBXFileReference; lastKnownFileType = sourcecode.swift; path = SideEffectRecordManager.swift; sourceTree = "<group>"; };
		DAD0F9F6285323A20039FB08 /* Formatter.swift */ = {isa = PBXFileReference; lastKnownFileType = sourcecode.swift; path = Formatter.swift; sourceTree = "<group>"; };
		DADFFD6028526536009DB7E4 /* DummyData.swift */ = {isa = PBXFileReference; lastKnownFileType = sourcecode.swift; path = DummyData.swift; sourceTree = "<group>"; };
		DADFFD6A28530CA3009DB7E4 /* IntakeRecordManager.swift */ = {isa = PBXFileReference; lastKnownFileType = sourcecode.swift; path = IntakeRecordManager.swift; sourceTree = "<group>"; };
/* End PBXFileReference section */

/* Begin PBXFrameworksBuildPhase section */
		AB9CD1A028515F4B00589D07 /* Frameworks */ = {
			isa = PBXFrameworksBuildPhase;
			buildActionMask = 2147483647;
			files = (
			);
			runOnlyForDeploymentPostprocessing = 0;
		};
/* End PBXFrameworksBuildPhase section */

/* Begin PBXGroup section */
		AB9CD19A28515F4B00589D07 = {
			isa = PBXGroup;
			children = (
				AB9CD1A528515F4B00589D07 /* Techome */,
				AB9CD1A428515F4B00589D07 /* Products */,
			);
			sourceTree = "<group>";
		};
		AB9CD1A428515F4B00589D07 /* Products */ = {
			isa = PBXGroup;
			children = (
				AB9CD1A328515F4B00589D07 /* Techome.app */,
			);
			name = Products;
			sourceTree = "<group>";
		};
		AB9CD1A528515F4B00589D07 /* Techome */ = {
			isa = PBXGroup;
			children = (
				AB9CD1A628515F4B00589D07 /* TechomeApp.swift */,
				AB9CD1B92851672500589D07 /* Global */,
				AB9CD1B7285166F000589D07 /* Resources */,
				AB9CD1B5285166C700589D07 /* Model */,
				AB9CD1B6285166CE00589D07 /* ViewModel */,
				AB9CD1B4285166C100589D07 /* Views */,
				AB9CD1AA28515F4D00589D07 /* Assets.xcassets */,
				AB9CD1AC28515F4D00589D07 /* Preview Content */,
			);
			path = Techome;
			sourceTree = "<group>";
		};
		AB9CD1AC28515F4D00589D07 /* Preview Content */ = {
			isa = PBXGroup;
			children = (
				AB9CD1AD28515F4D00589D07 /* Preview Assets.xcassets */,
			);
			path = "Preview Content";
			sourceTree = "<group>";
		};
		AB9CD1B4285166C100589D07 /* Views */ = {
			isa = PBXGroup;
			children = (
				AB9CD1A828515F4B00589D07 /* ContentView.swift */,
			);
			path = Views;
			sourceTree = "<group>";
		};
		AB9CD1B5285166C700589D07 /* Model */ = {
			isa = PBXGroup;
			children = (
				DA774E582851C2EF009BA4EA /* SideEffect */,
				DA774E4D2851C1F2009BA4EA /* Intake */,
				AB9CD1BF2851676A00589D07 /* tempModel.swift */,
			);
			path = Model;
			sourceTree = "<group>";
		};
		AB9CD1B6285166CE00589D07 /* ViewModel */ = {
			isa = PBXGroup;
			children = (
				AB9CD1C12851677000589D07 /* tempViewModel.swift */,
			);
			path = ViewModel;
			sourceTree = "<group>";
		};
		AB9CD1B7285166F000589D07 /* Resources */ = {
			isa = PBXGroup;
			children = (
				AB9CD1BC2851675E00589D07 /* tempResources.swift */,
			);
			path = Resources;
			sourceTree = "<group>";
		};
		AB9CD1B82851670200589D07 /* Extension */ = {
			isa = PBXGroup;
			children = (
				AB9CD1BA2851675600589D07 /* tempExtension.swift */,
				2AC7A36528517C9100D7CA60 /* Color+.swift */,
			);
			path = Extension;
			sourceTree = "<group>";
		};
		AB9CD1B92851672500589D07 /* Global */ = {
			isa = PBXGroup;
			children = (
				DA774E4A2851C1C6009BA4EA /* Manager */,
				AB9CD1B82851670200589D07 /* Extension */,
				DAD0F9F6285323A20039FB08 /* Formatter.swift */,
			);
			path = Global;
			sourceTree = "<group>";
		};
		DA774E4A2851C1C6009BA4EA /* Manager */ = {
			isa = PBXGroup;
			children = (
				DA774E4B2851C1CD009BA4EA /* JSONManager.swift */,
				DADFFD6A28530CA3009DB7E4 /* IntakeRecordManager.swift */,
				DAD0F9F4285316540039FB08 /* SideEffectRecordManager.swift */,
			);
			path = Manager;
			sourceTree = "<group>";
		};
		DA774E4D2851C1F2009BA4EA /* Intake */ = {
			isa = PBXGroup;
			children = (
				DA774E4E2851C21B009BA4EA /* Beverage.swift */,
				DA774E562851C29D009BA4EA /* Franchise.swift */,
				DA774E5B2851C3F3009BA4EA /* BeverageRecord.swift */,
				DADFFD6028526536009DB7E4 /* DummyData.swift */,
			);
			path = Intake;
			sourceTree = "<group>";
		};
		DA774E582851C2EF009BA4EA /* SideEffect */ = {
			isa = PBXGroup;
			children = (
				DA774E592851C2FC009BA4EA /* SideEffectRecord.swift */,
			);
			path = SideEffect;
			sourceTree = "<group>";
		};
/* End PBXGroup section */

/* Begin PBXNativeTarget section */
		AB9CD1A228515F4B00589D07 /* Techome */ = {
			isa = PBXNativeTarget;
			buildConfigurationList = AB9CD1B128515F4D00589D07 /* Build configuration list for PBXNativeTarget "Techome" */;
			buildPhases = (
				AB9CD19F28515F4B00589D07 /* Sources */,
				AB9CD1A028515F4B00589D07 /* Frameworks */,
				AB9CD1A128515F4B00589D07 /* Resources */,
			);
			buildRules = (
			);
			dependencies = (
			);
			name = Techome;
			productName = Techome;
			productReference = AB9CD1A328515F4B00589D07 /* Techome.app */;
			productType = "com.apple.product-type.application";
		};
/* End PBXNativeTarget section */

/* Begin PBXProject section */
		AB9CD19B28515F4B00589D07 /* Project object */ = {
			isa = PBXProject;
			attributes = {
				BuildIndependentTargetsInParallel = 1;
				LastSwiftUpdateCheck = 1340;
				LastUpgradeCheck = 1340;
				TargetAttributes = {
					AB9CD1A228515F4B00589D07 = {
						CreatedOnToolsVersion = 13.4.1;
					};
				};
			};
			buildConfigurationList = AB9CD19E28515F4B00589D07 /* Build configuration list for PBXProject "Techome" */;
			compatibilityVersion = "Xcode 13.0";
			developmentRegion = en;
			hasScannedForEncodings = 0;
			knownRegions = (
				en,
				Base,
			);
			mainGroup = AB9CD19A28515F4B00589D07;
			productRefGroup = AB9CD1A428515F4B00589D07 /* Products */;
			projectDirPath = "";
			projectRoot = "";
			targets = (
				AB9CD1A228515F4B00589D07 /* Techome */,
			);
		};
/* End PBXProject section */

/* Begin PBXResourcesBuildPhase section */
		AB9CD1A128515F4B00589D07 /* Resources */ = {
			isa = PBXResourcesBuildPhase;
			buildActionMask = 2147483647;
			files = (
				AB9CD1AE28515F4D00589D07 /* Preview Assets.xcassets in Resources */,
				AB9CD1AB28515F4D00589D07 /* Assets.xcassets in Resources */,
			);
			runOnlyForDeploymentPostprocessing = 0;
		};
/* End PBXResourcesBuildPhase section */

/* Begin PBXSourcesBuildPhase section */
		AB9CD19F28515F4B00589D07 /* Sources */ = {
			isa = PBXSourcesBuildPhase;
			buildActionMask = 2147483647;
			files = (
				AB9CD1A928515F4B00589D07 /* ContentView.swift in Sources */,
				DA774E4F2851C21B009BA4EA /* Beverage.swift in Sources */,
				DAD0F9F5285316540039FB08 /* SideEffectRecordManager.swift in Sources */,
				DA774E4C2851C1CD009BA4EA /* JSONManager.swift in Sources */,
				AB9CD1A728515F4B00589D07 /* TechomeApp.swift in Sources */,
				DA774E5C2851C3F3009BA4EA /* BeverageRecord.swift in Sources */,
				AB9CD1BB2851675600589D07 /* tempExtension.swift in Sources */,
				AB9CD1BD2851675E00589D07 /* tempResources.swift in Sources */,
				AB9CD1C02851676A00589D07 /* tempModel.swift in Sources */,
				DA774E5A2851C2FC009BA4EA /* SideEffectRecord.swift in Sources */,
				DADFFD6B28530CA3009DB7E4 /* IntakeRecordManager.swift in Sources */,
				DAD0F9F7285323A20039FB08 /* Formatter.swift in Sources */,
				DADFFD6128526536009DB7E4 /* DummyData.swift in Sources */,
				AB9CD1C22851677000589D07 /* tempViewModel.swift in Sources */,
				DA774E572851C29D009BA4EA /* Franchise.swift in Sources */,
				2AC7A36628517C9100D7CA60 /* Color+.swift in Sources */,
			);
			runOnlyForDeploymentPostprocessing = 0;
		};
/* End PBXSourcesBuildPhase section */

/* Begin XCBuildConfiguration section */
		AB9CD1AF28515F4D00589D07 /* Debug */ = {
			isa = XCBuildConfiguration;
			buildSettings = {
				ALWAYS_SEARCH_USER_PATHS = NO;
				CLANG_ANALYZER_NONNULL = YES;
				CLANG_ANALYZER_NUMBER_OBJECT_CONVERSION = YES_AGGRESSIVE;
				CLANG_CXX_LANGUAGE_STANDARD = "gnu++17";
				CLANG_ENABLE_MODULES = YES;
				CLANG_ENABLE_OBJC_ARC = YES;
				CLANG_ENABLE_OBJC_WEAK = YES;
				CLANG_WARN_BLOCK_CAPTURE_AUTORELEASING = YES;
				CLANG_WARN_BOOL_CONVERSION = YES;
				CLANG_WARN_COMMA = YES;
				CLANG_WARN_CONSTANT_CONVERSION = YES;
				CLANG_WARN_DEPRECATED_OBJC_IMPLEMENTATIONS = YES;
				CLANG_WARN_DIRECT_OBJC_ISA_USAGE = YES_ERROR;
				CLANG_WARN_DOCUMENTATION_COMMENTS = YES;
				CLANG_WARN_EMPTY_BODY = YES;
				CLANG_WARN_ENUM_CONVERSION = YES;
				CLANG_WARN_INFINITE_RECURSION = YES;
				CLANG_WARN_INT_CONVERSION = YES;
				CLANG_WARN_NON_LITERAL_NULL_CONVERSION = YES;
				CLANG_WARN_OBJC_IMPLICIT_RETAIN_SELF = YES;
				CLANG_WARN_OBJC_LITERAL_CONVERSION = YES;
				CLANG_WARN_OBJC_ROOT_CLASS = YES_ERROR;
				CLANG_WARN_QUOTED_INCLUDE_IN_FRAMEWORK_HEADER = YES;
				CLANG_WARN_RANGE_LOOP_ANALYSIS = YES;
				CLANG_WARN_STRICT_PROTOTYPES = YES;
				CLANG_WARN_SUSPICIOUS_MOVE = YES;
				CLANG_WARN_UNGUARDED_AVAILABILITY = YES_AGGRESSIVE;
				CLANG_WARN_UNREACHABLE_CODE = YES;
				CLANG_WARN__DUPLICATE_METHOD_MATCH = YES;
				COPY_PHASE_STRIP = NO;
				DEBUG_INFORMATION_FORMAT = dwarf;
				ENABLE_STRICT_OBJC_MSGSEND = YES;
				ENABLE_TESTABILITY = YES;
				GCC_C_LANGUAGE_STANDARD = gnu11;
				GCC_DYNAMIC_NO_PIC = NO;
				GCC_NO_COMMON_BLOCKS = YES;
				GCC_OPTIMIZATION_LEVEL = 0;
				GCC_PREPROCESSOR_DEFINITIONS = (
					"DEBUG=1",
					"$(inherited)",
				);
				GCC_WARN_64_TO_32_BIT_CONVERSION = YES;
				GCC_WARN_ABOUT_RETURN_TYPE = YES_ERROR;
				GCC_WARN_UNDECLARED_SELECTOR = YES;
				GCC_WARN_UNINITIALIZED_AUTOS = YES_AGGRESSIVE;
				GCC_WARN_UNUSED_FUNCTION = YES;
				GCC_WARN_UNUSED_VARIABLE = YES;
				IPHONEOS_DEPLOYMENT_TARGET = 15.4;
				MTL_ENABLE_DEBUG_INFO = INCLUDE_SOURCE;
				MTL_FAST_MATH = YES;
				ONLY_ACTIVE_ARCH = YES;
				SDKROOT = iphoneos;
				SWIFT_ACTIVE_COMPILATION_CONDITIONS = DEBUG;
				SWIFT_OPTIMIZATION_LEVEL = "-Onone";
			};
			name = Debug;
		};
		AB9CD1B028515F4D00589D07 /* Release */ = {
			isa = XCBuildConfiguration;
			buildSettings = {
				ALWAYS_SEARCH_USER_PATHS = NO;
				CLANG_ANALYZER_NONNULL = YES;
				CLANG_ANALYZER_NUMBER_OBJECT_CONVERSION = YES_AGGRESSIVE;
				CLANG_CXX_LANGUAGE_STANDARD = "gnu++17";
				CLANG_ENABLE_MODULES = YES;
				CLANG_ENABLE_OBJC_ARC = YES;
				CLANG_ENABLE_OBJC_WEAK = YES;
				CLANG_WARN_BLOCK_CAPTURE_AUTORELEASING = YES;
				CLANG_WARN_BOOL_CONVERSION = YES;
				CLANG_WARN_COMMA = YES;
				CLANG_WARN_CONSTANT_CONVERSION = YES;
				CLANG_WARN_DEPRECATED_OBJC_IMPLEMENTATIONS = YES;
				CLANG_WARN_DIRECT_OBJC_ISA_USAGE = YES_ERROR;
				CLANG_WARN_DOCUMENTATION_COMMENTS = YES;
				CLANG_WARN_EMPTY_BODY = YES;
				CLANG_WARN_ENUM_CONVERSION = YES;
				CLANG_WARN_INFINITE_RECURSION = YES;
				CLANG_WARN_INT_CONVERSION = YES;
				CLANG_WARN_NON_LITERAL_NULL_CONVERSION = YES;
				CLANG_WARN_OBJC_IMPLICIT_RETAIN_SELF = YES;
				CLANG_WARN_OBJC_LITERAL_CONVERSION = YES;
				CLANG_WARN_OBJC_ROOT_CLASS = YES_ERROR;
				CLANG_WARN_QUOTED_INCLUDE_IN_FRAMEWORK_HEADER = YES;
				CLANG_WARN_RANGE_LOOP_ANALYSIS = YES;
				CLANG_WARN_STRICT_PROTOTYPES = YES;
				CLANG_WARN_SUSPICIOUS_MOVE = YES;
				CLANG_WARN_UNGUARDED_AVAILABILITY = YES_AGGRESSIVE;
				CLANG_WARN_UNREACHABLE_CODE = YES;
				CLANG_WARN__DUPLICATE_METHOD_MATCH = YES;
				COPY_PHASE_STRIP = NO;
				DEBUG_INFORMATION_FORMAT = "dwarf-with-dsym";
				ENABLE_NS_ASSERTIONS = NO;
				ENABLE_STRICT_OBJC_MSGSEND = YES;
				GCC_C_LANGUAGE_STANDARD = gnu11;
				GCC_NO_COMMON_BLOCKS = YES;
				GCC_WARN_64_TO_32_BIT_CONVERSION = YES;
				GCC_WARN_ABOUT_RETURN_TYPE = YES_ERROR;
				GCC_WARN_UNDECLARED_SELECTOR = YES;
				GCC_WARN_UNINITIALIZED_AUTOS = YES_AGGRESSIVE;
				GCC_WARN_UNUSED_FUNCTION = YES;
				GCC_WARN_UNUSED_VARIABLE = YES;
				IPHONEOS_DEPLOYMENT_TARGET = 15.4;
				MTL_ENABLE_DEBUG_INFO = NO;
				MTL_FAST_MATH = YES;
				SDKROOT = iphoneos;
				SWIFT_COMPILATION_MODE = wholemodule;
				SWIFT_OPTIMIZATION_LEVEL = "-O";
				VALIDATE_PRODUCT = YES;
			};
			name = Release;
		};
		AB9CD1B228515F4D00589D07 /* Debug */ = {
			isa = XCBuildConfiguration;
			buildSettings = {
				ASSETCATALOG_COMPILER_APPICON_NAME = AppIcon;
				ASSETCATALOG_COMPILER_GLOBAL_ACCENT_COLOR_NAME = AccentColor;
				CODE_SIGN_STYLE = Automatic;
				CURRENT_PROJECT_VERSION = 1;
				DEVELOPMENT_ASSET_PATHS = "\"Techome/Preview Content\"";
				DEVELOPMENT_TEAM = 8QSTXVD8H9;
				ENABLE_PREVIEWS = YES;
				GENERATE_INFOPLIST_FILE = YES;
				INFOPLIST_KEY_UIApplicationSceneManifest_Generation = YES;
				INFOPLIST_KEY_UIApplicationSupportsIndirectInputEvents = YES;
				INFOPLIST_KEY_UILaunchScreen_Generation = YES;
				INFOPLIST_KEY_UISupportedInterfaceOrientations_iPad = "UIInterfaceOrientationPortrait UIInterfaceOrientationPortraitUpsideDown UIInterfaceOrientationLandscapeLeft UIInterfaceOrientationLandscapeRight";
				INFOPLIST_KEY_UISupportedInterfaceOrientations_iPhone = "UIInterfaceOrientationPortrait UIInterfaceOrientationLandscapeLeft UIInterfaceOrientationLandscapeRight";
				LD_RUNPATH_SEARCH_PATHS = (
					"$(inherited)",
					"@executable_path/Frameworks",
				);
				MARKETING_VERSION = 1.0;
				PRODUCT_BUNDLE_IDENTIFIER = com.mc2.Techome;
				PRODUCT_NAME = "$(TARGET_NAME)";
				SWIFT_EMIT_LOC_STRINGS = YES;
				SWIFT_VERSION = 5.0;
				TARGETED_DEVICE_FAMILY = "1,2";
			};
			name = Debug;
		};
		AB9CD1B328515F4D00589D07 /* Release */ = {
			isa = XCBuildConfiguration;
			buildSettings = {
				ASSETCATALOG_COMPILER_APPICON_NAME = AppIcon;
				ASSETCATALOG_COMPILER_GLOBAL_ACCENT_COLOR_NAME = AccentColor;
				CODE_SIGN_STYLE = Automatic;
				CURRENT_PROJECT_VERSION = 1;
				DEVELOPMENT_ASSET_PATHS = "\"Techome/Preview Content\"";
				DEVELOPMENT_TEAM = 8QSTXVD8H9;
				ENABLE_PREVIEWS = YES;
				GENERATE_INFOPLIST_FILE = YES;
				INFOPLIST_KEY_UIApplicationSceneManifest_Generation = YES;
				INFOPLIST_KEY_UIApplicationSupportsIndirectInputEvents = YES;
				INFOPLIST_KEY_UILaunchScreen_Generation = YES;
				INFOPLIST_KEY_UISupportedInterfaceOrientations_iPad = "UIInterfaceOrientationPortrait UIInterfaceOrientationPortraitUpsideDown UIInterfaceOrientationLandscapeLeft UIInterfaceOrientationLandscapeRight";
				INFOPLIST_KEY_UISupportedInterfaceOrientations_iPhone = "UIInterfaceOrientationPortrait UIInterfaceOrientationLandscapeLeft UIInterfaceOrientationLandscapeRight";
				LD_RUNPATH_SEARCH_PATHS = (
					"$(inherited)",
					"@executable_path/Frameworks",
				);
				MARKETING_VERSION = 1.0;
				PRODUCT_BUNDLE_IDENTIFIER = com.mc2.Techome;
				PRODUCT_NAME = "$(TARGET_NAME)";
				SWIFT_EMIT_LOC_STRINGS = YES;
				SWIFT_VERSION = 5.0;
				TARGETED_DEVICE_FAMILY = "1,2";
			};
			name = Release;
		};
/* End XCBuildConfiguration section */

/* Begin XCConfigurationList section */
		AB9CD19E28515F4B00589D07 /* Build configuration list for PBXProject "Techome" */ = {
			isa = XCConfigurationList;
			buildConfigurations = (
				AB9CD1AF28515F4D00589D07 /* Debug */,
				AB9CD1B028515F4D00589D07 /* Release */,
			);
			defaultConfigurationIsVisible = 0;
			defaultConfigurationName = Release;
		};
		AB9CD1B128515F4D00589D07 /* Build configuration list for PBXNativeTarget "Techome" */ = {
			isa = XCConfigurationList;
			buildConfigurations = (
				AB9CD1B228515F4D00589D07 /* Debug */,
				AB9CD1B328515F4D00589D07 /* Release */,
			);
			defaultConfigurationIsVisible = 0;
			defaultConfigurationName = Release;
		};
/* End XCConfigurationList section */
	};
	rootObject = AB9CD19B28515F4B00589D07 /* Project object */;
}
