// !$*UTF8*$!
{
	archiveVersion = 1;
	classes = {
	};
	objectVersion = 55;
	objects = {

/* Begin PBXBuildFile section */
		2ABF49482856DCAD000E3387 /* BarChart in Frameworks */ = {isa = PBXBuildFile; productRef = 2ABF49472856DCAD000E3387 /* BarChart */; };
		AB18CCED2856D8B300DD1C5A /* SideEffectRepository.swift in Sources */ = {isa = PBXBuildFile; fileRef = AB18CCC62856D8B300DD1C5A /* SideEffectRepository.swift */; };
		AB18CCEE2856D8B300DD1C5A /* BeverageRepository.swift in Sources */ = {isa = PBXBuildFile; fileRef = AB18CCC72856D8B300DD1C5A /* BeverageRepository.swift */; };
		AB18CCEF2856D8B300DD1C5A /* IntakeRepository.swift in Sources */ = {isa = PBXBuildFile; fileRef = AB18CCC82856D8B300DD1C5A /* IntakeRepository.swift */; };
		AB18CCF02856D8B300DD1C5A /* tempExtension.swift in Sources */ = {isa = PBXBuildFile; fileRef = AB18CCCA2856D8B300DD1C5A /* tempExtension.swift */; };
		AB18CCF12856D8B300DD1C5A /* Color+.swift in Sources */ = {isa = PBXBuildFile; fileRef = AB18CCCB2856D8B300DD1C5A /* Color+.swift */; };
		AB18CCF22856D8B300DD1C5A /* BeverageManager.swift in Sources */ = {isa = PBXBuildFile; fileRef = AB18CCCD2856D8B300DD1C5A /* BeverageManager.swift */; };
		AB18CCF32856D8B300DD1C5A /* SideEffectManager.swift in Sources */ = {isa = PBXBuildFile; fileRef = AB18CCCE2856D8B300DD1C5A /* SideEffectManager.swift */; };
		AB18CCF42856D8B300DD1C5A /* JSONManager.swift in Sources */ = {isa = PBXBuildFile; fileRef = AB18CCCF2856D8B300DD1C5A /* JSONManager.swift */; };
		AB18CCF52856D8B300DD1C5A /* IntakeManager.swift in Sources */ = {isa = PBXBuildFile; fileRef = AB18CCD02856D8B300DD1C5A /* IntakeManager.swift */; };
		AB18CCF62856D8B300DD1C5A /* Formatter.swift in Sources */ = {isa = PBXBuildFile; fileRef = AB18CCD12856D8B300DD1C5A /* Formatter.swift */; };
		AB18CCF72856D8B300DD1C5A /* BeverageData.json in Resources */ = {isa = PBXBuildFile; fileRef = AB18CCD32856D8B300DD1C5A /* BeverageData.json */; };
		AB18CCF82856D8B300DD1C5A /* tempResources.swift in Sources */ = {isa = PBXBuildFile; fileRef = AB18CCD42856D8B300DD1C5A /* tempResources.swift */; };
		AB18CCF92856D8B300DD1C5A /* tempModel.swift in Sources */ = {isa = PBXBuildFile; fileRef = AB18CCD62856D8B300DD1C5A /* tempModel.swift */; };
		AB18CCFA2856D8B300DD1C5A /* Beverage.swift in Sources */ = {isa = PBXBuildFile; fileRef = AB18CCD82856D8B300DD1C5A /* Beverage.swift */; };
		AB18CCFB2856D8B300DD1C5A /* IntakeRecord.swift in Sources */ = {isa = PBXBuildFile; fileRef = AB18CCD92856D8B300DD1C5A /* IntakeRecord.swift */; };
		AB18CCFC2856D8B300DD1C5A /* Franchise.swift in Sources */ = {isa = PBXBuildFile; fileRef = AB18CCDA2856D8B300DD1C5A /* Franchise.swift */; };
		AB18CCFD2856D8B300DD1C5A /* SideEffectRecord.swift in Sources */ = {isa = PBXBuildFile; fileRef = AB18CCDC2856D8B300DD1C5A /* SideEffectRecord.swift */; };
		AB18CCFE2856D8B300DD1C5A /* TrendView.swift in Sources */ = {isa = PBXBuildFile; fileRef = AB18CCDF2856D8B300DD1C5A /* TrendView.swift */; };
		AB18CCFF2856D8B300DD1C5A /* HomeView_G.swift in Sources */ = {isa = PBXBuildFile; fileRef = AB18CCE12856D8B300DD1C5A /* HomeView_G.swift */; };
		AB18CD002856D8B300DD1C5A /* AddSideEffectView.swift in Sources */ = {isa = PBXBuildFile; fileRef = AB18CCE22856D8B300DD1C5A /* AddSideEffectView.swift */; };
		AB18CD012856D8B300DD1C5A /* ContentView.swift in Sources */ = {isa = PBXBuildFile; fileRef = AB18CCE32856D8B300DD1C5A /* ContentView.swift */; };
		AB18CD022856D8B300DD1C5A /* HomeView.swift in Sources */ = {isa = PBXBuildFile; fileRef = AB18CCE52856D8B300DD1C5A /* HomeView.swift */; };
		AB18CD032856D8B300DD1C5A /* SearchCaffeineLayoutValue.swift in Sources */ = {isa = PBXBuildFile; fileRef = AB18CCE62856D8B300DD1C5A /* SearchCaffeineLayoutValue.swift */; };
		AB18CD042856D8B300DD1C5A /* SearchCaffeineView.swift in Sources */ = {isa = PBXBuildFile; fileRef = AB18CCE72856D8B300DD1C5A /* SearchCaffeineView.swift */; };
		AB18CD052856D8B300DD1C5A /* TechomeApp.swift in Sources */ = {isa = PBXBuildFile; fileRef = AB18CCE82856D8B300DD1C5A /* TechomeApp.swift */; };
		AB18CD062856D8B300DD1C5A /* tempViewModel.swift in Sources */ = {isa = PBXBuildFile; fileRef = AB18CCEA2856D8B300DD1C5A /* tempViewModel.swift */; };
		AB18CD072856D8B300DD1C5A /* Assets.xcassets in Resources */ = {isa = PBXBuildFile; fileRef = AB18CCEB2856D8B300DD1C5A /* Assets.xcassets */; };
		AB1FBDFA2856B93400EB4F95 /* Preview Assets.xcassets in Resources */ = {isa = PBXBuildFile; fileRef = AB1FBDF92856B93400EB4F95 /* Preview Assets.xcassets */; };
		ABC3E951285706910091CC8E /* TodayView.swift in Sources */ = {isa = PBXBuildFile; fileRef = ABC3E950285706910091CC8E /* TodayView.swift */; };
		ABC3E9542857383B0091CC8E /* SineWaveShape in Frameworks */ = {isa = PBXBuildFile; productRef = ABC3E9532857383B0091CC8E /* SineWaveShape */; };
		ABFE83E128598EF9001461D4 /* MainView.swift in Sources */ = {isa = PBXBuildFile; fileRef = ABFE83E028598EF9001461D4 /* MainView.swift */; };
		ABFE83E528598F5C001461D4 /* BackgroundAnimationView.swift in Sources */ = {isa = PBXBuildFile; fileRef = ABFE83E428598F5C001461D4 /* BackgroundAnimationView.swift */; };
		ABFE83E728598FF8001461D4 /* TodayViewTopBottons.swift in Sources */ = {isa = PBXBuildFile; fileRef = ABFE83E628598FF8001461D4 /* TodayViewTopBottons.swift */; };
		ABFE83E928599044001461D4 /* RemainingCaffeineStatement.swift in Sources */ = {isa = PBXBuildFile; fileRef = ABFE83E828599044001461D4 /* RemainingCaffeineStatement.swift */; };
		ABFE83EB2859905C001461D4 /* ExhaustTimeStatement.swift in Sources */ = {isa = PBXBuildFile; fileRef = ABFE83EA2859905C001461D4 /* ExhaustTimeStatement.swift */; };
		ABFE83ED28599078001461D4 /* AddCaffeineButton.swift in Sources */ = {isa = PBXBuildFile; fileRef = ABFE83EC28599078001461D4 /* AddCaffeineButton.swift */; };
		ABFE83EF2859A5E0001461D4 /* TodayLayoutValue.swift in Sources */ = {isa = PBXBuildFile; fileRef = ABFE83EE2859A5E0001461D4 /* TodayLayoutValue.swift */; };
/* End PBXBuildFile section */

/* Begin PBXFileReference section */
		AB18CCC62856D8B300DD1C5A /* SideEffectRepository.swift */ = {isa = PBXFileReference; fileEncoding = 4; lastKnownFileType = sourcecode.swift; path = SideEffectRepository.swift; sourceTree = "<group>"; };
		AB18CCC72856D8B300DD1C5A /* BeverageRepository.swift */ = {isa = PBXFileReference; fileEncoding = 4; lastKnownFileType = sourcecode.swift; path = BeverageRepository.swift; sourceTree = "<group>"; };
		AB18CCC82856D8B300DD1C5A /* IntakeRepository.swift */ = {isa = PBXFileReference; fileEncoding = 4; lastKnownFileType = sourcecode.swift; path = IntakeRepository.swift; sourceTree = "<group>"; };
		AB18CCCA2856D8B300DD1C5A /* tempExtension.swift */ = {isa = PBXFileReference; fileEncoding = 4; lastKnownFileType = sourcecode.swift; path = tempExtension.swift; sourceTree = "<group>"; };
		AB18CCCB2856D8B300DD1C5A /* Color+.swift */ = {isa = PBXFileReference; fileEncoding = 4; lastKnownFileType = sourcecode.swift; path = "Color+.swift"; sourceTree = "<group>"; };
		AB18CCCD2856D8B300DD1C5A /* BeverageManager.swift */ = {isa = PBXFileReference; fileEncoding = 4; lastKnownFileType = sourcecode.swift; path = BeverageManager.swift; sourceTree = "<group>"; };
		AB18CCCE2856D8B300DD1C5A /* SideEffectManager.swift */ = {isa = PBXFileReference; fileEncoding = 4; lastKnownFileType = sourcecode.swift; path = SideEffectManager.swift; sourceTree = "<group>"; };
		AB18CCCF2856D8B300DD1C5A /* JSONManager.swift */ = {isa = PBXFileReference; fileEncoding = 4; lastKnownFileType = sourcecode.swift; path = JSONManager.swift; sourceTree = "<group>"; };
		AB18CCD02856D8B300DD1C5A /* IntakeManager.swift */ = {isa = PBXFileReference; fileEncoding = 4; lastKnownFileType = sourcecode.swift; path = IntakeManager.swift; sourceTree = "<group>"; };
		AB18CCD12856D8B300DD1C5A /* Formatter.swift */ = {isa = PBXFileReference; fileEncoding = 4; lastKnownFileType = sourcecode.swift; path = Formatter.swift; sourceTree = "<group>"; };
		AB18CCD32856D8B300DD1C5A /* BeverageData.json */ = {isa = PBXFileReference; fileEncoding = 4; lastKnownFileType = text.json; path = BeverageData.json; sourceTree = "<group>"; };
		AB18CCD42856D8B300DD1C5A /* tempResources.swift */ = {isa = PBXFileReference; fileEncoding = 4; lastKnownFileType = sourcecode.swift; path = tempResources.swift; sourceTree = "<group>"; };
		AB18CCD62856D8B300DD1C5A /* tempModel.swift */ = {isa = PBXFileReference; fileEncoding = 4; lastKnownFileType = sourcecode.swift; path = tempModel.swift; sourceTree = "<group>"; };
		AB18CCD82856D8B300DD1C5A /* Beverage.swift */ = {isa = PBXFileReference; fileEncoding = 4; lastKnownFileType = sourcecode.swift; path = Beverage.swift; sourceTree = "<group>"; };
		AB18CCD92856D8B300DD1C5A /* IntakeRecord.swift */ = {isa = PBXFileReference; fileEncoding = 4; lastKnownFileType = sourcecode.swift; path = IntakeRecord.swift; sourceTree = "<group>"; };
		AB18CCDA2856D8B300DD1C5A /* Franchise.swift */ = {isa = PBXFileReference; fileEncoding = 4; lastKnownFileType = sourcecode.swift; path = Franchise.swift; sourceTree = "<group>"; };
		AB18CCDC2856D8B300DD1C5A /* SideEffectRecord.swift */ = {isa = PBXFileReference; fileEncoding = 4; lastKnownFileType = sourcecode.swift; path = SideEffectRecord.swift; sourceTree = "<group>"; };
		AB18CCDF2856D8B300DD1C5A /* TrendView.swift */ = {isa = PBXFileReference; fileEncoding = 4; lastKnownFileType = sourcecode.swift; path = TrendView.swift; sourceTree = "<group>"; };
		AB18CCE12856D8B300DD1C5A /* HomeView_G.swift */ = {isa = PBXFileReference; fileEncoding = 4; lastKnownFileType = sourcecode.swift; path = HomeView_G.swift; sourceTree = "<group>"; };
		AB18CCE22856D8B300DD1C5A /* AddSideEffectView.swift */ = {isa = PBXFileReference; fileEncoding = 4; lastKnownFileType = sourcecode.swift; path = AddSideEffectView.swift; sourceTree = "<group>"; };
		AB18CCE32856D8B300DD1C5A /* ContentView.swift */ = {isa = PBXFileReference; fileEncoding = 4; lastKnownFileType = sourcecode.swift; path = ContentView.swift; sourceTree = "<group>"; };
		AB18CCE52856D8B300DD1C5A /* HomeView.swift */ = {isa = PBXFileReference; fileEncoding = 4; lastKnownFileType = sourcecode.swift; path = HomeView.swift; sourceTree = "<group>"; };
		AB18CCE62856D8B300DD1C5A /* SearchCaffeineLayoutValue.swift */ = {isa = PBXFileReference; fileEncoding = 4; lastKnownFileType = sourcecode.swift; path = SearchCaffeineLayoutValue.swift; sourceTree = "<group>"; };
		AB18CCE72856D8B300DD1C5A /* SearchCaffeineView.swift */ = {isa = PBXFileReference; fileEncoding = 4; lastKnownFileType = sourcecode.swift; path = SearchCaffeineView.swift; sourceTree = "<group>"; };
		AB18CCE82856D8B300DD1C5A /* TechomeApp.swift */ = {isa = PBXFileReference; fileEncoding = 4; lastKnownFileType = sourcecode.swift; path = TechomeApp.swift; sourceTree = "<group>"; };
		AB18CCEA2856D8B300DD1C5A /* tempViewModel.swift */ = {isa = PBXFileReference; fileEncoding = 4; lastKnownFileType = sourcecode.swift; path = tempViewModel.swift; sourceTree = "<group>"; };
		AB18CCEB2856D8B300DD1C5A /* Assets.xcassets */ = {isa = PBXFileReference; lastKnownFileType = folder.assetcatalog; path = Assets.xcassets; sourceTree = "<group>"; };
		AB1FBDEF2856B93300EB4F95 /* Techome.app */ = {isa = PBXFileReference; explicitFileType = wrapper.application; includeInIndex = 0; path = Techome.app; sourceTree = BUILT_PRODUCTS_DIR; };
		AB1FBDF92856B93400EB4F95 /* Preview Assets.xcassets */ = {isa = PBXFileReference; lastKnownFileType = folder.assetcatalog; path = "Preview Assets.xcassets"; sourceTree = "<group>"; };
		ABC3E950285706910091CC8E /* TodayView.swift */ = {isa = PBXFileReference; lastKnownFileType = sourcecode.swift; path = TodayView.swift; sourceTree = "<group>"; };
		ABFE83E028598EF9001461D4 /* MainView.swift */ = {isa = PBXFileReference; lastKnownFileType = sourcecode.swift; path = MainView.swift; sourceTree = "<group>"; };
		ABFE83E428598F5C001461D4 /* BackgroundAnimationView.swift */ = {isa = PBXFileReference; lastKnownFileType = sourcecode.swift; path = BackgroundAnimationView.swift; sourceTree = "<group>"; };
		ABFE83E628598FF8001461D4 /* TodayViewTopBottons.swift */ = {isa = PBXFileReference; lastKnownFileType = sourcecode.swift; path = TodayViewTopBottons.swift; sourceTree = "<group>"; };
		ABFE83E828599044001461D4 /* RemainingCaffeineStatement.swift */ = {isa = PBXFileReference; lastKnownFileType = sourcecode.swift; path = RemainingCaffeineStatement.swift; sourceTree = "<group>"; };
		ABFE83EA2859905C001461D4 /* ExhaustTimeStatement.swift */ = {isa = PBXFileReference; lastKnownFileType = sourcecode.swift; path = ExhaustTimeStatement.swift; sourceTree = "<group>"; };
		ABFE83EC28599078001461D4 /* AddCaffeineButton.swift */ = {isa = PBXFileReference; lastKnownFileType = sourcecode.swift; path = AddCaffeineButton.swift; sourceTree = "<group>"; };
		ABFE83EE2859A5E0001461D4 /* TodayLayoutValue.swift */ = {isa = PBXFileReference; lastKnownFileType = sourcecode.swift; path = TodayLayoutValue.swift; sourceTree = "<group>"; };
/* End PBXFileReference section */

/* Begin PBXFrameworksBuildPhase section */
		AB1FBDEC2856B93300EB4F95 /* Frameworks */ = {
			isa = PBXFrameworksBuildPhase;
			buildActionMask = 2147483647;
			files = (
				ABC3E9542857383B0091CC8E /* SineWaveShape in Frameworks */,
				2ABF49482856DCAD000E3387 /* BarChart in Frameworks */,
			);
			runOnlyForDeploymentPostprocessing = 0;
		};
/* End PBXFrameworksBuildPhase section */

/* Begin PBXGroup section */
		AB18CCC42856D8B300DD1C5A /* Global */ = {
			isa = PBXGroup;
			children = (
				AB18CCC52856D8B300DD1C5A /* Repository */,
				AB18CCC92856D8B300DD1C5A /* Extension */,
				AB18CCCC2856D8B300DD1C5A /* Manager */,
				AB18CCD12856D8B300DD1C5A /* Formatter.swift */,
			);
			path = Global;
			sourceTree = "<group>";
		};
		AB18CCC52856D8B300DD1C5A /* Repository */ = {
			isa = PBXGroup;
			children = (
				AB18CCC62856D8B300DD1C5A /* SideEffectRepository.swift */,
				AB18CCC72856D8B300DD1C5A /* BeverageRepository.swift */,
				AB18CCC82856D8B300DD1C5A /* IntakeRepository.swift */,
			);
			path = Repository;
			sourceTree = "<group>";
		};
		AB18CCC92856D8B300DD1C5A /* Extension */ = {
			isa = PBXGroup;
			children = (
				AB18CCCA2856D8B300DD1C5A /* tempExtension.swift */,
				AB18CCCB2856D8B300DD1C5A /* Color+.swift */,
			);
			path = Extension;
			sourceTree = "<group>";
		};
		AB18CCCC2856D8B300DD1C5A /* Manager */ = {
			isa = PBXGroup;
			children = (
				AB18CCCD2856D8B300DD1C5A /* BeverageManager.swift */,
				AB18CCCE2856D8B300DD1C5A /* SideEffectManager.swift */,
				AB18CCCF2856D8B300DD1C5A /* JSONManager.swift */,
				AB18CCD02856D8B300DD1C5A /* IntakeManager.swift */,
			);
			path = Manager;
			sourceTree = "<group>";
		};
		AB18CCD22856D8B300DD1C5A /* Resources */ = {
			isa = PBXGroup;
			children = (
				AB18CCD32856D8B300DD1C5A /* BeverageData.json */,
				AB18CCD42856D8B300DD1C5A /* tempResources.swift */,
			);
			path = Resources;
			sourceTree = "<group>";
		};
		AB18CCD52856D8B300DD1C5A /* Model */ = {
			isa = PBXGroup;
			children = (
				AB18CCD62856D8B300DD1C5A /* tempModel.swift */,
				AB18CCD72856D8B300DD1C5A /* Intake */,
				AB18CCDB2856D8B300DD1C5A /* SideEffect */,
			);
			path = Model;
			sourceTree = "<group>";
		};
		AB18CCD72856D8B300DD1C5A /* Intake */ = {
			isa = PBXGroup;
			children = (
				AB18CCD82856D8B300DD1C5A /* Beverage.swift */,
				AB18CCD92856D8B300DD1C5A /* IntakeRecord.swift */,
				AB18CCDA2856D8B300DD1C5A /* Franchise.swift */,
			);
			path = Intake;
			sourceTree = "<group>";
		};
		AB18CCDB2856D8B300DD1C5A /* SideEffect */ = {
			isa = PBXGroup;
			children = (
				AB18CCDC2856D8B300DD1C5A /* SideEffectRecord.swift */,
			);
			path = SideEffect;
			sourceTree = "<group>";
		};
		AB18CCDD2856D8B300DD1C5A /* Views */ = {
			isa = PBXGroup;
			children = (
				ABFE83E028598EF9001461D4 /* MainView.swift */,
				ABC3E94F285706830091CC8E /* Today */,
				AB18CCDE2856D8B300DD1C5A /* Trend */,
				AB18CCE02856D8B300DD1C5A /* AddSideEffect */,
				AB18CCE32856D8B300DD1C5A /* ContentView.swift */,
				AB18CCE42856D8B300DD1C5A /* AddCaffeine */,
			);
			path = Views;
			sourceTree = "<group>";
		};
		AB18CCDE2856D8B300DD1C5A /* Trend */ = {
			isa = PBXGroup;
			children = (
				AB18CCDF2856D8B300DD1C5A /* TrendView.swift */,
			);
			path = Trend;
			sourceTree = "<group>";
		};
		AB18CCE02856D8B300DD1C5A /* AddSideEffect */ = {
			isa = PBXGroup;
			children = (
				AB18CCE12856D8B300DD1C5A /* HomeView_G.swift */,
				AB18CCE22856D8B300DD1C5A /* AddSideEffectView.swift */,
			);
			path = AddSideEffect;
			sourceTree = "<group>";
		};
		AB18CCE42856D8B300DD1C5A /* AddCaffeine */ = {
			isa = PBXGroup;
			children = (
				AB18CCE52856D8B300DD1C5A /* HomeView.swift */,
				AB18CCE62856D8B300DD1C5A /* SearchCaffeineLayoutValue.swift */,
				AB18CCE72856D8B300DD1C5A /* SearchCaffeineView.swift */,
			);
			path = AddCaffeine;
			sourceTree = "<group>";
		};
		AB18CCE92856D8B300DD1C5A /* ViewModel */ = {
			isa = PBXGroup;
			children = (
				AB18CCEA2856D8B300DD1C5A /* tempViewModel.swift */,
			);
			path = ViewModel;
			sourceTree = "<group>";
		};
		AB1FBDE62856B93300EB4F95 = {
			isa = PBXGroup;
			children = (
				AB1FBDF12856B93300EB4F95 /* Techome */,
				AB1FBDF02856B93300EB4F95 /* Products */,
			);
			sourceTree = "<group>";
		};
		AB1FBDF02856B93300EB4F95 /* Products */ = {
			isa = PBXGroup;
			children = (
				AB1FBDEF2856B93300EB4F95 /* Techome.app */,
			);
			name = Products;
			sourceTree = "<group>";
		};
		AB1FBDF12856B93300EB4F95 /* Techome */ = {
			isa = PBXGroup;
			children = (
				AB18CCEB2856D8B300DD1C5A /* Assets.xcassets */,
				AB18CCD22856D8B300DD1C5A /* Resources */,
				AB18CCC42856D8B300DD1C5A /* Global */,
				AB18CCD52856D8B300DD1C5A /* Model */,
				AB18CCE82856D8B300DD1C5A /* TechomeApp.swift */,
				AB18CCE92856D8B300DD1C5A /* ViewModel */,
				AB18CCDD2856D8B300DD1C5A /* Views */,
				AB1FBDF82856B93400EB4F95 /* Preview Content */,
			);
			path = Techome;
			sourceTree = "<group>";
		};
		AB1FBDF82856B93400EB4F95 /* Preview Content */ = {
			isa = PBXGroup;
			children = (
				AB1FBDF92856B93400EB4F95 /* Preview Assets.xcassets */,
			);
			path = "Preview Content";
			sourceTree = "<group>";
		};
		ABC3E94F285706830091CC8E /* Today */ = {
			isa = PBXGroup;
			children = (
				ABC3E950285706910091CC8E /* TodayView.swift */,
				ABFE83EE2859A5E0001461D4 /* TodayLayoutValue.swift */,
				ABFE83E228598F3C001461D4 /* Modules */,
			);
			path = Today;
			sourceTree = "<group>";
		};
		ABFE83E228598F3C001461D4 /* Modules */ = {
			isa = PBXGroup;
			children = (
				ABFE83E428598F5C001461D4 /* BackgroundAnimationView.swift */,
				ABFE83E628598FF8001461D4 /* TodayViewTopBottons.swift */,
				ABFE83E828599044001461D4 /* RemainingCaffeineStatement.swift */,
				ABFE83EA2859905C001461D4 /* ExhaustTimeStatement.swift */,
				ABFE83EC28599078001461D4 /* AddCaffeineButton.swift */,
			);
			path = Modules;
			sourceTree = "<group>";
		};
/* End PBXGroup section */

/* Begin PBXNativeTarget section */
		AB1FBDEE2856B93300EB4F95 /* Techome */ = {
			isa = PBXNativeTarget;
			buildConfigurationList = AB1FBDFD2856B93400EB4F95 /* Build configuration list for PBXNativeTarget "Techome" */;
			buildPhases = (
				AB1FBDEB2856B93300EB4F95 /* Sources */,
				AB1FBDEC2856B93300EB4F95 /* Frameworks */,
				AB1FBDED2856B93300EB4F95 /* Resources */,
			);
			buildRules = (
			);
			dependencies = (
			);
			name = Techome;
			packageProductDependencies = (
				2ABF49472856DCAD000E3387 /* BarChart */,
				ABC3E9532857383B0091CC8E /* SineWaveShape */,
			);
			productName = Techome;
			productReference = AB1FBDEF2856B93300EB4F95 /* Techome.app */;
			productType = "com.apple.product-type.application";
		};
/* End PBXNativeTarget section */

/* Begin PBXProject section */
		AB1FBDE72856B93300EB4F95 /* Project object */ = {
			isa = PBXProject;
			attributes = {
				BuildIndependentTargetsInParallel = 1;
				LastSwiftUpdateCheck = 1340;
				LastUpgradeCheck = 1340;
				TargetAttributes = {
					AB1FBDEE2856B93300EB4F95 = {
						CreatedOnToolsVersion = 13.4.1;
						LastSwiftMigration = 1340;
					};
				};
			};
			buildConfigurationList = AB1FBDEA2856B93300EB4F95 /* Build configuration list for PBXProject "Techome" */;
			compatibilityVersion = "Xcode 13.0";
			developmentRegion = en;
			hasScannedForEncodings = 0;
			knownRegions = (
				en,
				Base,
			);
			mainGroup = AB1FBDE62856B93300EB4F95;
			packageReferences = (
				2ABF49462856DCAC000E3387 /* XCRemoteSwiftPackageReference "BarChart" */,
				ABC3E9522857383B0091CC8E /* XCRemoteSwiftPackageReference "SineWaveShape" */,
			);
			productRefGroup = AB1FBDF02856B93300EB4F95 /* Products */;
			projectDirPath = "";
			projectRoot = "";
			targets = (
				AB1FBDEE2856B93300EB4F95 /* Techome */,
			);
		};
/* End PBXProject section */

/* Begin PBXResourcesBuildPhase section */
		AB1FBDED2856B93300EB4F95 /* Resources */ = {
			isa = PBXResourcesBuildPhase;
			buildActionMask = 2147483647;
			files = (
				AB18CCF72856D8B300DD1C5A /* BeverageData.json in Resources */,
				AB18CD072856D8B300DD1C5A /* Assets.xcassets in Resources */,
				AB1FBDFA2856B93400EB4F95 /* Preview Assets.xcassets in Resources */,
			);
			runOnlyForDeploymentPostprocessing = 0;
		};
/* End PBXResourcesBuildPhase section */

/* Begin PBXSourcesBuildPhase section */
		AB1FBDEB2856B93300EB4F95 /* Sources */ = {
			isa = PBXSourcesBuildPhase;
			buildActionMask = 2147483647;
			files = (
				AB18CCF62856D8B300DD1C5A /* Formatter.swift in Sources */,
				AB18CCFD2856D8B300DD1C5A /* SideEffectRecord.swift in Sources */,
				ABFE83EB2859905C001461D4 /* ExhaustTimeStatement.swift in Sources */,
				ABFE83E928599044001461D4 /* RemainingCaffeineStatement.swift in Sources */,
				AB18CD062856D8B300DD1C5A /* tempViewModel.swift in Sources */,
				AB18CD012856D8B300DD1C5A /* ContentView.swift in Sources */,
				ABFE83E728598FF8001461D4 /* TodayViewTopBottons.swift in Sources */,
				AB18CCF12856D8B300DD1C5A /* Color+.swift in Sources */,
				ABFE83ED28599078001461D4 /* AddCaffeineButton.swift in Sources */,
				AB18CD042856D8B300DD1C5A /* SearchCaffeineView.swift in Sources */,
				ABC3E951285706910091CC8E /* TodayView.swift in Sources */,
				AB18CD052856D8B300DD1C5A /* TechomeApp.swift in Sources */,
				AB18CD022856D8B300DD1C5A /* HomeView.swift in Sources */,
				AB18CD002856D8B300DD1C5A /* AddSideEffectView.swift in Sources */,
				AB18CCF92856D8B300DD1C5A /* tempModel.swift in Sources */,
				ABFE83E528598F5C001461D4 /* BackgroundAnimationView.swift in Sources */,
				AB18CCEF2856D8B300DD1C5A /* IntakeRepository.swift in Sources */,
				AB18CCF02856D8B300DD1C5A /* tempExtension.swift in Sources */,
				AB18CCFA2856D8B300DD1C5A /* Beverage.swift in Sources */,
				AB18CCF22856D8B300DD1C5A /* BeverageManager.swift in Sources */,
				AB18CCF52856D8B300DD1C5A /* IntakeManager.swift in Sources */,
				AB18CCF82856D8B300DD1C5A /* tempResources.swift in Sources */,
				AB18CCFB2856D8B300DD1C5A /* IntakeRecord.swift in Sources */,
				AB18CCEE2856D8B300DD1C5A /* BeverageRepository.swift in Sources */,
				ABFE83E128598EF9001461D4 /* MainView.swift in Sources */,
				AB18CCED2856D8B300DD1C5A /* SideEffectRepository.swift in Sources */,
				AB18CD032856D8B300DD1C5A /* SearchCaffeineLayoutValue.swift in Sources */,
				AB18CCFC2856D8B300DD1C5A /* Franchise.swift in Sources */,
				AB18CCF42856D8B300DD1C5A /* JSONManager.swift in Sources */,
				AB18CCFE2856D8B300DD1C5A /* TrendView.swift in Sources */,
				AB18CCF32856D8B300DD1C5A /* SideEffectManager.swift in Sources */,
				ABFE83EF2859A5E0001461D4 /* TodayLayoutValue.swift in Sources */,
				AB18CCFF2856D8B300DD1C5A /* HomeView_G.swift in Sources */,
			);
			runOnlyForDeploymentPostprocessing = 0;
		};
/* End PBXSourcesBuildPhase section */

/* Begin XCBuildConfiguration section */
		AB1FBDFB2856B93400EB4F95 /* Debug */ = {
			isa = XCBuildConfiguration;
			buildSettings = {
				ALWAYS_SEARCH_USER_PATHS = NO;
				CLANG_ANALYZER_NONNULL = YES;
				CLANG_ANALYZER_NUMBER_OBJECT_CONVERSION = YES_AGGRESSIVE;
				CLANG_CXX_LANGUAGE_STANDARD = "gnu++17";
				CLANG_ENABLE_MODULES = YES;
				CLANG_ENABLE_OBJC_ARC = YES;
				CLANG_ENABLE_OBJC_WEAK = YES;
				CLANG_WARN_BLOCK_CAPTURE_AUTORELEASING = YES;
				CLANG_WARN_BOOL_CONVERSION = YES;
				CLANG_WARN_COMMA = YES;
				CLANG_WARN_CONSTANT_CONVERSION = YES;
				CLANG_WARN_DEPRECATED_OBJC_IMPLEMENTATIONS = YES;
				CLANG_WARN_DIRECT_OBJC_ISA_USAGE = YES_ERROR;
				CLANG_WARN_DOCUMENTATION_COMMENTS = YES;
				CLANG_WARN_EMPTY_BODY = YES;
				CLANG_WARN_ENUM_CONVERSION = YES;
				CLANG_WARN_INFINITE_RECURSION = YES;
				CLANG_WARN_INT_CONVERSION = YES;
				CLANG_WARN_NON_LITERAL_NULL_CONVERSION = YES;
				CLANG_WARN_OBJC_IMPLICIT_RETAIN_SELF = YES;
				CLANG_WARN_OBJC_LITERAL_CONVERSION = YES;
				CLANG_WARN_OBJC_ROOT_CLASS = YES_ERROR;
				CLANG_WARN_QUOTED_INCLUDE_IN_FRAMEWORK_HEADER = YES;
				CLANG_WARN_RANGE_LOOP_ANALYSIS = YES;
				CLANG_WARN_STRICT_PROTOTYPES = YES;
				CLANG_WARN_SUSPICIOUS_MOVE = YES;
				CLANG_WARN_UNGUARDED_AVAILABILITY = YES_AGGRESSIVE;
				CLANG_WARN_UNREACHABLE_CODE = YES;
				CLANG_WARN__DUPLICATE_METHOD_MATCH = YES;
				COPY_PHASE_STRIP = NO;
				DEBUG_INFORMATION_FORMAT = dwarf;
				ENABLE_STRICT_OBJC_MSGSEND = YES;
				ENABLE_TESTABILITY = YES;
				GCC_C_LANGUAGE_STANDARD = gnu11;
				GCC_DYNAMIC_NO_PIC = NO;
				GCC_NO_COMMON_BLOCKS = YES;
				GCC_OPTIMIZATION_LEVEL = 0;
				GCC_PREPROCESSOR_DEFINITIONS = (
					"DEBUG=1",
					"$(inherited)",
				);
				GCC_WARN_64_TO_32_BIT_CONVERSION = YES;
				GCC_WARN_ABOUT_RETURN_TYPE = YES_ERROR;
				GCC_WARN_UNDECLARED_SELECTOR = YES;
				GCC_WARN_UNINITIALIZED_AUTOS = YES_AGGRESSIVE;
				GCC_WARN_UNUSED_FUNCTION = YES;
				GCC_WARN_UNUSED_VARIABLE = YES;
				IPHONEOS_DEPLOYMENT_TARGET = 15.0;
				MTL_ENABLE_DEBUG_INFO = INCLUDE_SOURCE;
				MTL_FAST_MATH = YES;
				ONLY_ACTIVE_ARCH = YES;
				SDKROOT = iphoneos;
				SWIFT_ACTIVE_COMPILATION_CONDITIONS = DEBUG;
				SWIFT_OPTIMIZATION_LEVEL = "-Onone";
			};
			name = Debug;
		};
		AB1FBDFC2856B93400EB4F95 /* Release */ = {
			isa = XCBuildConfiguration;
			buildSettings = {
				ALWAYS_SEARCH_USER_PATHS = NO;
				CLANG_ANALYZER_NONNULL = YES;
				CLANG_ANALYZER_NUMBER_OBJECT_CONVERSION = YES_AGGRESSIVE;
				CLANG_CXX_LANGUAGE_STANDARD = "gnu++17";
				CLANG_ENABLE_MODULES = YES;
				CLANG_ENABLE_OBJC_ARC = YES;
				CLANG_ENABLE_OBJC_WEAK = YES;
				CLANG_WARN_BLOCK_CAPTURE_AUTORELEASING = YES;
				CLANG_WARN_BOOL_CONVERSION = YES;
				CLANG_WARN_COMMA = YES;
				CLANG_WARN_CONSTANT_CONVERSION = YES;
				CLANG_WARN_DEPRECATED_OBJC_IMPLEMENTATIONS = YES;
				CLANG_WARN_DIRECT_OBJC_ISA_USAGE = YES_ERROR;
				CLANG_WARN_DOCUMENTATION_COMMENTS = YES;
				CLANG_WARN_EMPTY_BODY = YES;
				CLANG_WARN_ENUM_CONVERSION = YES;
				CLANG_WARN_INFINITE_RECURSION = YES;
				CLANG_WARN_INT_CONVERSION = YES;
				CLANG_WARN_NON_LITERAL_NULL_CONVERSION = YES;
				CLANG_WARN_OBJC_IMPLICIT_RETAIN_SELF = YES;
				CLANG_WARN_OBJC_LITERAL_CONVERSION = YES;
				CLANG_WARN_OBJC_ROOT_CLASS = YES_ERROR;
				CLANG_WARN_QUOTED_INCLUDE_IN_FRAMEWORK_HEADER = YES;
				CLANG_WARN_RANGE_LOOP_ANALYSIS = YES;
				CLANG_WARN_STRICT_PROTOTYPES = YES;
				CLANG_WARN_SUSPICIOUS_MOVE = YES;
				CLANG_WARN_UNGUARDED_AVAILABILITY = YES_AGGRESSIVE;
				CLANG_WARN_UNREACHABLE_CODE = YES;
				CLANG_WARN__DUPLICATE_METHOD_MATCH = YES;
				COPY_PHASE_STRIP = NO;
				DEBUG_INFORMATION_FORMAT = "dwarf-with-dsym";
				ENABLE_NS_ASSERTIONS = NO;
				ENABLE_STRICT_OBJC_MSGSEND = YES;
				GCC_C_LANGUAGE_STANDARD = gnu11;
				GCC_NO_COMMON_BLOCKS = YES;
				GCC_WARN_64_TO_32_BIT_CONVERSION = YES;
				GCC_WARN_ABOUT_RETURN_TYPE = YES_ERROR;
				GCC_WARN_UNDECLARED_SELECTOR = YES;
				GCC_WARN_UNINITIALIZED_AUTOS = YES_AGGRESSIVE;
				GCC_WARN_UNUSED_FUNCTION = YES;
				GCC_WARN_UNUSED_VARIABLE = YES;
				IPHONEOS_DEPLOYMENT_TARGET = 15.0;
				MTL_ENABLE_DEBUG_INFO = NO;
				MTL_FAST_MATH = YES;
				SDKROOT = iphoneos;
				SWIFT_COMPILATION_MODE = wholemodule;
				SWIFT_OPTIMIZATION_LEVEL = "-O";
				VALIDATE_PRODUCT = YES;
			};
			name = Release;
		};
		AB1FBDFE2856B93400EB4F95 /* Debug */ = {
			isa = XCBuildConfiguration;
			buildSettings = {
				ASSETCATALOG_COMPILER_APPICON_NAME = AppIcon;
				ASSETCATALOG_COMPILER_GLOBAL_ACCENT_COLOR_NAME = AccentColor;
				CLANG_ENABLE_MODULES = YES;
				CODE_SIGN_STYLE = Automatic;
				CURRENT_PROJECT_VERSION = 1;
				DEVELOPMENT_ASSET_PATHS = "\"Techome/Preview Content\"";
				DEVELOPMENT_TEAM = 8QSTXVD8H9;
				ENABLE_PREVIEWS = YES;
				GENERATE_INFOPLIST_FILE = YES;
				INFOPLIST_KEY_UIApplicationSceneManifest_Generation = YES;
				INFOPLIST_KEY_UIApplicationSupportsIndirectInputEvents = YES;
				INFOPLIST_KEY_UILaunchScreen_Generation = YES;
				INFOPLIST_KEY_UISupportedInterfaceOrientations_iPad = "UIInterfaceOrientationPortrait UIInterfaceOrientationPortraitUpsideDown UIInterfaceOrientationLandscapeLeft UIInterfaceOrientationLandscapeRight";
				INFOPLIST_KEY_UISupportedInterfaceOrientations_iPhone = "UIInterfaceOrientationPortrait UIInterfaceOrientationLandscapeLeft UIInterfaceOrientationLandscapeRight";
				LD_RUNPATH_SEARCH_PATHS = (
					"$(inherited)",
					"@executable_path/Frameworks",
				);
				MARKETING_VERSION = 1.0;
				PRODUCT_BUNDLE_IDENTIFIER = ADA.MC2.Techome;
				PRODUCT_NAME = "$(TARGET_NAME)";
				SWIFT_EMIT_LOC_STRINGS = YES;
				SWIFT_OPTIMIZATION_LEVEL = "-Onone";
				SWIFT_VERSION = 5.0;
				TARGETED_DEVICE_FAMILY = "1,2";
			};
			name = Debug;
		};
		AB1FBDFF2856B93400EB4F95 /* Release */ = {
			isa = XCBuildConfiguration;
			buildSettings = {
				ASSETCATALOG_COMPILER_APPICON_NAME = AppIcon;
				ASSETCATALOG_COMPILER_GLOBAL_ACCENT_COLOR_NAME = AccentColor;
				CLANG_ENABLE_MODULES = YES;
				CODE_SIGN_STYLE = Automatic;
				CURRENT_PROJECT_VERSION = 1;
				DEVELOPMENT_ASSET_PATHS = "\"Techome/Preview Content\"";
				DEVELOPMENT_TEAM = 8QSTXVD8H9;
				ENABLE_PREVIEWS = YES;
				GENERATE_INFOPLIST_FILE = YES;
				INFOPLIST_KEY_UIApplicationSceneManifest_Generation = YES;
				INFOPLIST_KEY_UIApplicationSupportsIndirectInputEvents = YES;
				INFOPLIST_KEY_UILaunchScreen_Generation = YES;
				INFOPLIST_KEY_UISupportedInterfaceOrientations_iPad = "UIInterfaceOrientationPortrait UIInterfaceOrientationPortraitUpsideDown UIInterfaceOrientationLandscapeLeft UIInterfaceOrientationLandscapeRight";
				INFOPLIST_KEY_UISupportedInterfaceOrientations_iPhone = "UIInterfaceOrientationPortrait UIInterfaceOrientationLandscapeLeft UIInterfaceOrientationLandscapeRight";
				LD_RUNPATH_SEARCH_PATHS = (
					"$(inherited)",
					"@executable_path/Frameworks",
				);
				MARKETING_VERSION = 1.0;
				PRODUCT_BUNDLE_IDENTIFIER = ADA.MC2.Techome;
				PRODUCT_NAME = "$(TARGET_NAME)";
				SWIFT_EMIT_LOC_STRINGS = YES;
				SWIFT_VERSION = 5.0;
				TARGETED_DEVICE_FAMILY = "1,2";
			};
			name = Release;
		};
/* End XCBuildConfiguration section */

/* Begin XCConfigurationList section */
		AB1FBDEA2856B93300EB4F95 /* Build configuration list for PBXProject "Techome" */ = {
			isa = XCConfigurationList;
			buildConfigurations = (
				AB1FBDFB2856B93400EB4F95 /* Debug */,
				AB1FBDFC2856B93400EB4F95 /* Release */,
			);
			defaultConfigurationIsVisible = 0;
			defaultConfigurationName = Release;
		};
		AB1FBDFD2856B93400EB4F95 /* Build configuration list for PBXNativeTarget "Techome" */ = {
			isa = XCConfigurationList;
			buildConfigurations = (
				AB1FBDFE2856B93400EB4F95 /* Debug */,
				AB1FBDFF2856B93400EB4F95 /* Release */,
			);
			defaultConfigurationIsVisible = 0;
			defaultConfigurationName = Release;
		};
/* End XCConfigurationList section */

/* Begin XCRemoteSwiftPackageReference section */
		2ABF49462856DCAC000E3387 /* XCRemoteSwiftPackageReference "BarChart" */ = {
			isa = XCRemoteSwiftPackageReference;
			repositoryURL = "https://github.com/dawigr/BarChart.git";
			requirement = {
				branch = master;
				kind = branch;
			};
		};
		ABC3E9522857383B0091CC8E /* XCRemoteSwiftPackageReference "SineWaveShape" */ = {
			isa = XCRemoteSwiftPackageReference;
			repositoryURL = "https://github.com/MrChens/SineWaveShape.git";
			requirement = {
				kind = upToNextMajorVersion;
				minimumVersion = 1.0.0;
			};
		};
/* End XCRemoteSwiftPackageReference section */

/* Begin XCSwiftPackageProductDependency section */
		2ABF49472856DCAD000E3387 /* BarChart */ = {
			isa = XCSwiftPackageProductDependency;
			package = 2ABF49462856DCAC000E3387 /* XCRemoteSwiftPackageReference "BarChart" */;
			productName = BarChart;
		};
		ABC3E9532857383B0091CC8E /* SineWaveShape */ = {
			isa = XCSwiftPackageProductDependency;
			package = ABC3E9522857383B0091CC8E /* XCRemoteSwiftPackageReference "SineWaveShape" */;
			productName = SineWaveShape;
		};
/* End XCSwiftPackageProductDependency section */
	};
	rootObject = AB1FBDE72856B93300EB4F95 /* Project object */;
}
