// !$*UTF8*$!
{
	archiveVersion = 1;
	classes = {
	};
	objectVersion = 55;
	objects = {

/* Begin PBXBuildFile section */
		2A427E292858548900089AC0 /* ChartSelectionIndicatorView.swift in Sources */ = {isa = PBXBuildFile; fileRef = 2A427E282858548900089AC0 /* ChartSelectionIndicatorView.swift */; };
		2A427E2D285859D700089AC0 /* TrendChartView.swift in Sources */ = {isa = PBXBuildFile; fileRef = 2A427E2C285859D700089AC0 /* TrendChartView.swift */; };
		2ABF49482856DCAD000E3387 /* BarChart in Frameworks */ = {isa = PBXBuildFile; productRef = 2ABF49472856DCAD000E3387 /* BarChart */; };
		5220177F2859B6AD005A5BEC /* CaffeineBookDetailStateHolder.swift in Sources */ = {isa = PBXBuildFile; fileRef = 5220177E2859B6AD005A5BEC /* CaffeineBookDetailStateHolder.swift */; };
		52AFC473285704AB000199DF /* AddSideEffectStateHolder.swift in Sources */ = {isa = PBXBuildFile; fileRef = 52AFC472285704AB000199DF /* AddSideEffectStateHolder.swift */; };
		52AFC4782858614E000199DF /* CaffeineBookDetailView.swift in Sources */ = {isa = PBXBuildFile; fileRef = 52AFC4772858614E000199DF /* CaffeineBookDetailView.swift */; };
		791F545C285A16620066F5B1 /* NotificationManager.swift in Sources */ = {isa = PBXBuildFile; fileRef = 791F545B285A16620066F5B1 /* NotificationManager.swift */; };
		791F545F285A16DE0066F5B1 /* NotificationView.swift in Sources */ = {isa = PBXBuildFile; fileRef = 791F545E285A16DE0066F5B1 /* NotificationView.swift */; };
		791F5461285A1C3B0066F5B1 /* NotificationStateHolder.swift in Sources */ = {isa = PBXBuildFile; fileRef = 791F5460285A1C3B0066F5B1 /* NotificationStateHolder.swift */; };
		791F5465285A20180066F5B1 /* SettingView.swift in Sources */ = {isa = PBXBuildFile; fileRef = 791F5464285A20180066F5B1 /* SettingView.swift */; };
		791F5468285ABD2C0066F5B1 /* Notification.swift in Sources */ = {isa = PBXBuildFile; fileRef = 791F5467285ABD2C0066F5B1 /* Notification.swift */; };
		793214F6285702A500D7E4E1 /* UIApplication+.swift in Sources */ = {isa = PBXBuildFile; fileRef = 793214F5285702A500D7E4E1 /* UIApplication+.swift */; };
		793214F8285702BB00D7E4E1 /* SearchBarView.swift in Sources */ = {isa = PBXBuildFile; fileRef = 793214F7285702BB00D7E4E1 /* SearchBarView.swift */; };
		79421B9D285722B400DFD58A /* SearchCaffeineStateHolder.swift in Sources */ = {isa = PBXBuildFile; fileRef = 79421B9C285722B400DFD58A /* SearchCaffeineStateHolder.swift */; };
		797B456728570C4200DB45FA /* SearchResultView.swift in Sources */ = {isa = PBXBuildFile; fileRef = 797B456628570C4200DB45FA /* SearchResultView.swift */; };
		AB18CCED2856D8B300DD1C5A /* SideEffectRepository.swift in Sources */ = {isa = PBXBuildFile; fileRef = AB18CCC62856D8B300DD1C5A /* SideEffectRepository.swift */; };
		AB18CCEF2856D8B300DD1C5A /* IntakeRepository.swift in Sources */ = {isa = PBXBuildFile; fileRef = AB18CCC82856D8B300DD1C5A /* IntakeRepository.swift */; };
		AB18CCF02856D8B300DD1C5A /* tempExtension.swift in Sources */ = {isa = PBXBuildFile; fileRef = AB18CCCA2856D8B300DD1C5A /* tempExtension.swift */; };
		AB18CCF12856D8B300DD1C5A /* Color+.swift in Sources */ = {isa = PBXBuildFile; fileRef = AB18CCCB2856D8B300DD1C5A /* Color+.swift */; };
		AB18CCF22856D8B300DD1C5A /* BeverageManager.swift in Sources */ = {isa = PBXBuildFile; fileRef = AB18CCCD2856D8B300DD1C5A /* BeverageManager.swift */; };
		AB18CCF32856D8B300DD1C5A /* SideEffectManager.swift in Sources */ = {isa = PBXBuildFile; fileRef = AB18CCCE2856D8B300DD1C5A /* SideEffectManager.swift */; };
		AB18CCF42856D8B300DD1C5A /* JSONManager.swift in Sources */ = {isa = PBXBuildFile; fileRef = AB18CCCF2856D8B300DD1C5A /* JSONManager.swift */; };
		AB18CCF52856D8B300DD1C5A /* IntakeManager.swift in Sources */ = {isa = PBXBuildFile; fileRef = AB18CCD02856D8B300DD1C5A /* IntakeManager.swift */; };
		AB18CCF62856D8B300DD1C5A /* Formatter.swift in Sources */ = {isa = PBXBuildFile; fileRef = AB18CCD12856D8B300DD1C5A /* Formatter.swift */; };
		AB18CCF82856D8B300DD1C5A /* tempResources.swift in Sources */ = {isa = PBXBuildFile; fileRef = AB18CCD42856D8B300DD1C5A /* tempResources.swift */; };
		AB18CCF92856D8B300DD1C5A /* tempModel.swift in Sources */ = {isa = PBXBuildFile; fileRef = AB18CCD62856D8B300DD1C5A /* tempModel.swift */; };
		AB18CCFA2856D8B300DD1C5A /* Beverage.swift in Sources */ = {isa = PBXBuildFile; fileRef = AB18CCD82856D8B300DD1C5A /* Beverage.swift */; };
		AB18CCFB2856D8B300DD1C5A /* IntakeRecord.swift in Sources */ = {isa = PBXBuildFile; fileRef = AB18CCD92856D8B300DD1C5A /* IntakeRecord.swift */; };
		AB18CCFD2856D8B300DD1C5A /* SideEffectRecord.swift in Sources */ = {isa = PBXBuildFile; fileRef = AB18CCDC2856D8B300DD1C5A /* SideEffectRecord.swift */; };
		AB18CCFE2856D8B300DD1C5A /* TrendView.swift in Sources */ = {isa = PBXBuildFile; fileRef = AB18CCDF2856D8B300DD1C5A /* TrendView.swift */; };
		AB18CCFF2856D8B300DD1C5A /* HomeView_G.swift in Sources */ = {isa = PBXBuildFile; fileRef = AB18CCE12856D8B300DD1C5A /* HomeView_G.swift */; };
		AB18CD002856D8B300DD1C5A /* AddSideEffectView.swift in Sources */ = {isa = PBXBuildFile; fileRef = AB18CCE22856D8B300DD1C5A /* AddSideEffectView.swift */; };
		AB18CD012856D8B300DD1C5A /* ContentView.swift in Sources */ = {isa = PBXBuildFile; fileRef = AB18CCE32856D8B300DD1C5A /* ContentView.swift */; };
		AB18CD022856D8B300DD1C5A /* HomeView.swift in Sources */ = {isa = PBXBuildFile; fileRef = AB18CCE52856D8B300DD1C5A /* HomeView.swift */; };
		AB18CD032856D8B300DD1C5A /* SearchCaffeineLayoutValue.swift in Sources */ = {isa = PBXBuildFile; fileRef = AB18CCE62856D8B300DD1C5A /* SearchCaffeineLayoutValue.swift */; };
		AB18CD042856D8B300DD1C5A /* SearchCaffeineView.swift in Sources */ = {isa = PBXBuildFile; fileRef = AB18CCE72856D8B300DD1C5A /* SearchCaffeineView.swift */; };
		AB18CD052856D8B300DD1C5A /* TechomeApp.swift in Sources */ = {isa = PBXBuildFile; fileRef = AB18CCE82856D8B300DD1C5A /* TechomeApp.swift */; };
		AB18CD062856D8B300DD1C5A /* tempViewModel.swift in Sources */ = {isa = PBXBuildFile; fileRef = AB18CCEA2856D8B300DD1C5A /* tempViewModel.swift */; };
		AB18CD072856D8B300DD1C5A /* Assets.xcassets in Resources */ = {isa = PBXBuildFile; fileRef = AB18CCEB2856D8B300DD1C5A /* Assets.xcassets */; };
		AB1FBDFA2856B93400EB4F95 /* Preview Assets.xcassets in Resources */ = {isa = PBXBuildFile; fileRef = AB1FBDF92856B93400EB4F95 /* Preview Assets.xcassets */; };
		AB528BBB285C46C900C213C6 /* TodayStateHolder.swift in Sources */ = {isa = PBXBuildFile; fileRef = AB528BBA285C46C900C213C6 /* TodayStateHolder.swift */; };
		AB528BC5285C485000C213C6 /* TodayLayoutValue.swift in Sources */ = {isa = PBXBuildFile; fileRef = AB528BBD285C485000C213C6 /* TodayLayoutValue.swift */; };
		AB528BC6285C485000C213C6 /* TodayViewTopBottons.swift in Sources */ = {isa = PBXBuildFile; fileRef = AB528BBF285C485000C213C6 /* TodayViewTopBottons.swift */; };
		AB528BC7285C485000C213C6 /* ExhaustTimeStatement.swift in Sources */ = {isa = PBXBuildFile; fileRef = AB528BC0285C485000C213C6 /* ExhaustTimeStatement.swift */; };
		AB528BC8285C485000C213C6 /* AddCaffeineButton.swift in Sources */ = {isa = PBXBuildFile; fileRef = AB528BC1285C485000C213C6 /* AddCaffeineButton.swift */; };
		AB528BC9285C485000C213C6 /* BackgroundAnimationView.swift in Sources */ = {isa = PBXBuildFile; fileRef = AB528BC2285C485000C213C6 /* BackgroundAnimationView.swift */; };
		AB528BCA285C485000C213C6 /* RemainingCaffeineStatement.swift in Sources */ = {isa = PBXBuildFile; fileRef = AB528BC3285C485000C213C6 /* RemainingCaffeineStatement.swift */; };
		AB528BCB285C485000C213C6 /* TodayView.swift in Sources */ = {isa = PBXBuildFile; fileRef = AB528BC4285C485000C213C6 /* TodayView.swift */; };
		AB528BCD285C485B00C213C6 /* MainView.swift in Sources */ = {isa = PBXBuildFile; fileRef = AB528BCC285C485B00C213C6 /* MainView.swift */; };
		AB528BD0285C4C1E00C213C6 /* SineWaveShape in Frameworks */ = {isa = PBXBuildFile; productRef = AB528BCF285C4C1E00C213C6 /* SineWaveShape */; };
		ABA3D6D42859DAFF00D60A6C /* Franchise.swift in Sources */ = {isa = PBXBuildFile; fileRef = ABA3D6D32859DAFF00D60A6C /* Franchise.swift */; };
		ABC0E9452859CD0E0046C9C8 /* BeverageRepository.swift in Sources */ = {isa = PBXBuildFile; fileRef = ABC0E9442859CD0E0046C9C8 /* BeverageRepository.swift */; };
		ABC0E9492859CD780046C9C8 /* BeverageData.json in Resources */ = {isa = PBXBuildFile; fileRef = ABC0E9482859CD780046C9C8 /* BeverageData.json */; };
		ABC0E94D2859CDC60046C9C8 /* CaffeineBookStateHolder.swift in Sources */ = {isa = PBXBuildFile; fileRef = ABC0E94C2859CDC60046C9C8 /* CaffeineBookStateHolder.swift */; };
		ABC0E95A2859CDDE0046C9C8 /* CaffeineBookView.swift in Sources */ = {isa = PBXBuildFile; fileRef = ABC0E94F2859CDDE0046C9C8 /* CaffeineBookView.swift */; };
		ABC0E95B2859CDDE0046C9C8 /* CaffeineBookLayoutValue.swift in Sources */ = {isa = PBXBuildFile; fileRef = ABC0E9502859CDDE0046C9C8 /* CaffeineBookLayoutValue.swift */; };
		ABC0E95C2859CDDE0046C9C8 /* CategoryCell.swift in Sources */ = {isa = PBXBuildFile; fileRef = ABC0E9522859CDDE0046C9C8 /* CategoryCell.swift */; };
		ABC0E95D2859CDDE0046C9C8 /* FranchiseCell.swift in Sources */ = {isa = PBXBuildFile; fileRef = ABC0E9532859CDDE0046C9C8 /* FranchiseCell.swift */; };
		ABC0E95E2859CDDE0046C9C8 /* FranchiseRow.swift in Sources */ = {isa = PBXBuildFile; fileRef = ABC0E9542859CDDE0046C9C8 /* FranchiseRow.swift */; };
		ABC0E95F2859CDDE0046C9C8 /* CategoryRow.swift in Sources */ = {isa = PBXBuildFile; fileRef = ABC0E9552859CDDE0046C9C8 /* CategoryRow.swift */; };
		ABC0E9602859CDDE0046C9C8 /* BeverageListRow.swift in Sources */ = {isa = PBXBuildFile; fileRef = ABC0E9572859CDDE0046C9C8 /* BeverageListRow.swift */; };
		ABC0E9612859CDDE0046C9C8 /* EmptyListView.swift in Sources */ = {isa = PBXBuildFile; fileRef = ABC0E9582859CDDE0046C9C8 /* EmptyListView.swift */; };
		ABC0E9622859CDDE0046C9C8 /* BeverageList.swift in Sources */ = {isa = PBXBuildFile; fileRef = ABC0E9592859CDDE0046C9C8 /* BeverageList.swift */; };
		ABC3E9572858122F0091CC8E /* TotalListView.swift in Sources */ = {isa = PBXBuildFile; fileRef = ABC3E9562858122F0091CC8E /* TotalListView.swift */; };
		ABFE83F72859A876001461D4 /* EspressoShotCountCustomStepper.swift in Sources */ = {isa = PBXBuildFile; fileRef = ABFE83F22859A876001461D4 /* EspressoShotCountCustomStepper.swift */; };
		ABFE83F82859A876001461D4 /* EffectSectionView.swift in Sources */ = {isa = PBXBuildFile; fileRef = ABFE83F32859A876001461D4 /* EffectSectionView.swift */; };
		ABFE83F92859A876001461D4 /* FranchiseDrinkSizeButtonsGroupView.swift in Sources */ = {isa = PBXBuildFile; fileRef = ABFE83F42859A876001461D4 /* FranchiseDrinkSizeButtonsGroupView.swift */; };
		ABFE83FA2859A876001461D4 /* AddCaffeineDetailCustomModifier.swift in Sources */ = {isa = PBXBuildFile; fileRef = ABFE83F52859A876001461D4 /* AddCaffeineDetailCustomModifier.swift */; };
		ABFE83FB2859A876001461D4 /* AddCaffeineDetailView.swift in Sources */ = {isa = PBXBuildFile; fileRef = ABFE83F62859A876001461D4 /* AddCaffeineDetailView.swift */; };
		DA11291028570EF20065BD33 /* DummyData.swift in Sources */ = {isa = PBXBuildFile; fileRef = DA11290F28570EF20065BD33 /* DummyData.swift */; };
		DA11291228570F4C0065BD33 /* TestView_P.swift in Sources */ = {isa = PBXBuildFile; fileRef = DA11291128570F4C0065BD33 /* TestView_P.swift */; };
		DA8E714928581674009836DE /* IntakeRecord.json in Resources */ = {isa = PBXBuildFile; fileRef = DA8E714728581674009836DE /* IntakeRecord.json */; };
		DA8E714A28581674009836DE /* SideEffectRecord.json in Resources */ = {isa = PBXBuildFile; fileRef = DA8E714828581674009836DE /* SideEffectRecord.json */; };
/* End PBXBuildFile section */

/* Begin PBXFileReference section */
		2A427E282858548900089AC0 /* ChartSelectionIndicatorView.swift */ = {isa = PBXFileReference; lastKnownFileType = sourcecode.swift; path = ChartSelectionIndicatorView.swift; sourceTree = "<group>"; };
		2A427E2C285859D700089AC0 /* TrendChartView.swift */ = {isa = PBXFileReference; lastKnownFileType = sourcecode.swift; path = TrendChartView.swift; sourceTree = "<group>"; };
		5220177E2859B6AD005A5BEC /* CaffeineBookDetailStateHolder.swift */ = {isa = PBXFileReference; lastKnownFileType = sourcecode.swift; path = CaffeineBookDetailStateHolder.swift; sourceTree = "<group>"; };
		52AFC472285704AB000199DF /* AddSideEffectStateHolder.swift */ = {isa = PBXFileReference; lastKnownFileType = sourcecode.swift; path = AddSideEffectStateHolder.swift; sourceTree = "<group>"; };
		52AFC4772858614E000199DF /* CaffeineBookDetailView.swift */ = {isa = PBXFileReference; lastKnownFileType = sourcecode.swift; path = CaffeineBookDetailView.swift; sourceTree = "<group>"; };
		791F545B285A16620066F5B1 /* NotificationManager.swift */ = {isa = PBXFileReference; lastKnownFileType = sourcecode.swift; path = NotificationManager.swift; sourceTree = "<group>"; };
		791F545E285A16DE0066F5B1 /* NotificationView.swift */ = {isa = PBXFileReference; lastKnownFileType = sourcecode.swift; path = NotificationView.swift; sourceTree = "<group>"; };
		791F5460285A1C3B0066F5B1 /* NotificationStateHolder.swift */ = {isa = PBXFileReference; lastKnownFileType = sourcecode.swift; path = NotificationStateHolder.swift; sourceTree = "<group>"; };
		791F5464285A20180066F5B1 /* SettingView.swift */ = {isa = PBXFileReference; lastKnownFileType = sourcecode.swift; path = SettingView.swift; sourceTree = "<group>"; };
		791F5467285ABD2C0066F5B1 /* Notification.swift */ = {isa = PBXFileReference; lastKnownFileType = sourcecode.swift; path = Notification.swift; sourceTree = "<group>"; };
		793214F5285702A500D7E4E1 /* UIApplication+.swift */ = {isa = PBXFileReference; fileEncoding = 4; lastKnownFileType = sourcecode.swift; path = "UIApplication+.swift"; sourceTree = "<group>"; };
		793214F7285702BB00D7E4E1 /* SearchBarView.swift */ = {isa = PBXFileReference; fileEncoding = 4; lastKnownFileType = sourcecode.swift; path = SearchBarView.swift; sourceTree = "<group>"; };
		79421B9C285722B400DFD58A /* SearchCaffeineStateHolder.swift */ = {isa = PBXFileReference; lastKnownFileType = sourcecode.swift; path = SearchCaffeineStateHolder.swift; sourceTree = "<group>"; };
		797B456628570C4200DB45FA /* SearchResultView.swift */ = {isa = PBXFileReference; lastKnownFileType = sourcecode.swift; path = SearchResultView.swift; sourceTree = "<group>"; };
		AB18CCC62856D8B300DD1C5A /* SideEffectRepository.swift */ = {isa = PBXFileReference; fileEncoding = 4; lastKnownFileType = sourcecode.swift; path = SideEffectRepository.swift; sourceTree = "<group>"; };
		AB18CCC82856D8B300DD1C5A /* IntakeRepository.swift */ = {isa = PBXFileReference; fileEncoding = 4; lastKnownFileType = sourcecode.swift; path = IntakeRepository.swift; sourceTree = "<group>"; };
		AB18CCCA2856D8B300DD1C5A /* tempExtension.swift */ = {isa = PBXFileReference; fileEncoding = 4; lastKnownFileType = sourcecode.swift; path = tempExtension.swift; sourceTree = "<group>"; };
		AB18CCCB2856D8B300DD1C5A /* Color+.swift */ = {isa = PBXFileReference; fileEncoding = 4; lastKnownFileType = sourcecode.swift; path = "Color+.swift"; sourceTree = "<group>"; };
		AB18CCCD2856D8B300DD1C5A /* BeverageManager.swift */ = {isa = PBXFileReference; fileEncoding = 4; lastKnownFileType = sourcecode.swift; path = BeverageManager.swift; sourceTree = "<group>"; };
		AB18CCCE2856D8B300DD1C5A /* SideEffectManager.swift */ = {isa = PBXFileReference; fileEncoding = 4; lastKnownFileType = sourcecode.swift; path = SideEffectManager.swift; sourceTree = "<group>"; };
		AB18CCCF2856D8B300DD1C5A /* JSONManager.swift */ = {isa = PBXFileReference; fileEncoding = 4; lastKnownFileType = sourcecode.swift; path = JSONManager.swift; sourceTree = "<group>"; };
		AB18CCD02856D8B300DD1C5A /* IntakeManager.swift */ = {isa = PBXFileReference; fileEncoding = 4; lastKnownFileType = sourcecode.swift; path = IntakeManager.swift; sourceTree = "<group>"; };
		AB18CCD12856D8B300DD1C5A /* Formatter.swift */ = {isa = PBXFileReference; fileEncoding = 4; lastKnownFileType = sourcecode.swift; path = Formatter.swift; sourceTree = "<group>"; };
		AB18CCD42856D8B300DD1C5A /* tempResources.swift */ = {isa = PBXFileReference; fileEncoding = 4; lastKnownFileType = sourcecode.swift; path = tempResources.swift; sourceTree = "<group>"; };
		AB18CCD62856D8B300DD1C5A /* tempModel.swift */ = {isa = PBXFileReference; fileEncoding = 4; lastKnownFileType = sourcecode.swift; path = tempModel.swift; sourceTree = "<group>"; };
		AB18CCD82856D8B300DD1C5A /* Beverage.swift */ = {isa = PBXFileReference; fileEncoding = 4; lastKnownFileType = sourcecode.swift; path = Beverage.swift; sourceTree = "<group>"; };
		AB18CCD92856D8B300DD1C5A /* IntakeRecord.swift */ = {isa = PBXFileReference; fileEncoding = 4; lastKnownFileType = sourcecode.swift; path = IntakeRecord.swift; sourceTree = "<group>"; };
		AB18CCDC2856D8B300DD1C5A /* SideEffectRecord.swift */ = {isa = PBXFileReference; fileEncoding = 4; lastKnownFileType = sourcecode.swift; path = SideEffectRecord.swift; sourceTree = "<group>"; };
		AB18CCDF2856D8B300DD1C5A /* TrendView.swift */ = {isa = PBXFileReference; fileEncoding = 4; lastKnownFileType = sourcecode.swift; path = TrendView.swift; sourceTree = "<group>"; };
		AB18CCE12856D8B300DD1C5A /* HomeView_G.swift */ = {isa = PBXFileReference; fileEncoding = 4; lastKnownFileType = sourcecode.swift; path = HomeView_G.swift; sourceTree = "<group>"; };
		AB18CCE22856D8B300DD1C5A /* AddSideEffectView.swift */ = {isa = PBXFileReference; fileEncoding = 4; lastKnownFileType = sourcecode.swift; path = AddSideEffectView.swift; sourceTree = "<group>"; };
		AB18CCE32856D8B300DD1C5A /* ContentView.swift */ = {isa = PBXFileReference; fileEncoding = 4; lastKnownFileType = sourcecode.swift; path = ContentView.swift; sourceTree = "<group>"; };
		AB18CCE52856D8B300DD1C5A /* HomeView.swift */ = {isa = PBXFileReference; fileEncoding = 4; lastKnownFileType = sourcecode.swift; path = HomeView.swift; sourceTree = "<group>"; };
		AB18CCE62856D8B300DD1C5A /* SearchCaffeineLayoutValue.swift */ = {isa = PBXFileReference; fileEncoding = 4; lastKnownFileType = sourcecode.swift; path = SearchCaffeineLayoutValue.swift; sourceTree = "<group>"; };
		AB18CCE72856D8B300DD1C5A /* SearchCaffeineView.swift */ = {isa = PBXFileReference; fileEncoding = 4; lastKnownFileType = sourcecode.swift; path = SearchCaffeineView.swift; sourceTree = "<group>"; };
		AB18CCE82856D8B300DD1C5A /* TechomeApp.swift */ = {isa = PBXFileReference; fileEncoding = 4; lastKnownFileType = sourcecode.swift; path = TechomeApp.swift; sourceTree = "<group>"; };
		AB18CCEA2856D8B300DD1C5A /* tempViewModel.swift */ = {isa = PBXFileReference; fileEncoding = 4; lastKnownFileType = sourcecode.swift; path = tempViewModel.swift; sourceTree = "<group>"; };
		AB18CCEB2856D8B300DD1C5A /* Assets.xcassets */ = {isa = PBXFileReference; lastKnownFileType = folder.assetcatalog; path = Assets.xcassets; sourceTree = "<group>"; };
		AB1FBDEF2856B93300EB4F95 /* Techome.app */ = {isa = PBXFileReference; explicitFileType = wrapper.application; includeInIndex = 0; path = Techome.app; sourceTree = BUILT_PRODUCTS_DIR; };
		AB1FBDF92856B93400EB4F95 /* Preview Assets.xcassets */ = {isa = PBXFileReference; lastKnownFileType = folder.assetcatalog; path = "Preview Assets.xcassets"; sourceTree = "<group>"; };
		AB528BBA285C46C900C213C6 /* TodayStateHolder.swift */ = {isa = PBXFileReference; fileEncoding = 4; lastKnownFileType = sourcecode.swift; path = TodayStateHolder.swift; sourceTree = "<group>"; };
		AB528BBD285C485000C213C6 /* TodayLayoutValue.swift */ = {isa = PBXFileReference; fileEncoding = 4; lastKnownFileType = sourcecode.swift; path = TodayLayoutValue.swift; sourceTree = "<group>"; };
		AB528BBF285C485000C213C6 /* TodayViewTopBottons.swift */ = {isa = PBXFileReference; fileEncoding = 4; lastKnownFileType = sourcecode.swift; path = TodayViewTopBottons.swift; sourceTree = "<group>"; };
		AB528BC0285C485000C213C6 /* ExhaustTimeStatement.swift */ = {isa = PBXFileReference; fileEncoding = 4; lastKnownFileType = sourcecode.swift; path = ExhaustTimeStatement.swift; sourceTree = "<group>"; };
		AB528BC1285C485000C213C6 /* AddCaffeineButton.swift */ = {isa = PBXFileReference; fileEncoding = 4; lastKnownFileType = sourcecode.swift; path = AddCaffeineButton.swift; sourceTree = "<group>"; };
		AB528BC2285C485000C213C6 /* BackgroundAnimationView.swift */ = {isa = PBXFileReference; fileEncoding = 4; lastKnownFileType = sourcecode.swift; path = BackgroundAnimationView.swift; sourceTree = "<group>"; };
		AB528BC3285C485000C213C6 /* RemainingCaffeineStatement.swift */ = {isa = PBXFileReference; fileEncoding = 4; lastKnownFileType = sourcecode.swift; path = RemainingCaffeineStatement.swift; sourceTree = "<group>"; };
		AB528BC4285C485000C213C6 /* TodayView.swift */ = {isa = PBXFileReference; fileEncoding = 4; lastKnownFileType = sourcecode.swift; path = TodayView.swift; sourceTree = "<group>"; };
		AB528BCC285C485B00C213C6 /* MainView.swift */ = {isa = PBXFileReference; fileEncoding = 4; lastKnownFileType = sourcecode.swift; path = MainView.swift; sourceTree = "<group>"; };
		ABA3D6D32859DAFF00D60A6C /* Franchise.swift */ = {isa = PBXFileReference; fileEncoding = 4; lastKnownFileType = sourcecode.swift; path = Franchise.swift; sourceTree = "<group>"; };
		ABC0E9442859CD0E0046C9C8 /* BeverageRepository.swift */ = {isa = PBXFileReference; fileEncoding = 4; lastKnownFileType = sourcecode.swift; path = BeverageRepository.swift; sourceTree = "<group>"; };
		ABC0E9482859CD780046C9C8 /* BeverageData.json */ = {isa = PBXFileReference; fileEncoding = 4; lastKnownFileType = text.json; path = BeverageData.json; sourceTree = "<group>"; };
		ABC0E94C2859CDC60046C9C8 /* CaffeineBookStateHolder.swift */ = {isa = PBXFileReference; fileEncoding = 4; lastKnownFileType = sourcecode.swift; path = CaffeineBookStateHolder.swift; sourceTree = "<group>"; };
		ABC0E94F2859CDDE0046C9C8 /* CaffeineBookView.swift */ = {isa = PBXFileReference; fileEncoding = 4; lastKnownFileType = sourcecode.swift; path = CaffeineBookView.swift; sourceTree = "<group>"; };
		ABC0E9502859CDDE0046C9C8 /* CaffeineBookLayoutValue.swift */ = {isa = PBXFileReference; fileEncoding = 4; lastKnownFileType = sourcecode.swift; path = CaffeineBookLayoutValue.swift; sourceTree = "<group>"; };
		ABC0E9522859CDDE0046C9C8 /* CategoryCell.swift */ = {isa = PBXFileReference; fileEncoding = 4; lastKnownFileType = sourcecode.swift; path = CategoryCell.swift; sourceTree = "<group>"; };
		ABC0E9532859CDDE0046C9C8 /* FranchiseCell.swift */ = {isa = PBXFileReference; fileEncoding = 4; lastKnownFileType = sourcecode.swift; path = FranchiseCell.swift; sourceTree = "<group>"; };
		ABC0E9542859CDDE0046C9C8 /* FranchiseRow.swift */ = {isa = PBXFileReference; fileEncoding = 4; lastKnownFileType = sourcecode.swift; path = FranchiseRow.swift; sourceTree = "<group>"; };
		ABC0E9552859CDDE0046C9C8 /* CategoryRow.swift */ = {isa = PBXFileReference; fileEncoding = 4; lastKnownFileType = sourcecode.swift; path = CategoryRow.swift; sourceTree = "<group>"; };
		ABC0E9572859CDDE0046C9C8 /* BeverageListRow.swift */ = {isa = PBXFileReference; fileEncoding = 4; lastKnownFileType = sourcecode.swift; path = BeverageListRow.swift; sourceTree = "<group>"; };
		ABC0E9582859CDDE0046C9C8 /* EmptyListView.swift */ = {isa = PBXFileReference; fileEncoding = 4; lastKnownFileType = sourcecode.swift; path = EmptyListView.swift; sourceTree = "<group>"; };
		ABC0E9592859CDDE0046C9C8 /* BeverageList.swift */ = {isa = PBXFileReference; fileEncoding = 4; lastKnownFileType = sourcecode.swift; path = BeverageList.swift; sourceTree = "<group>"; };
		ABC3E9562858122F0091CC8E /* TotalListView.swift */ = {isa = PBXFileReference; fileEncoding = 4; lastKnownFileType = sourcecode.swift; path = TotalListView.swift; sourceTree = "<group>"; };
		ABFE83F22859A876001461D4 /* EspressoShotCountCustomStepper.swift */ = {isa = PBXFileReference; fileEncoding = 4; lastKnownFileType = sourcecode.swift; path = EspressoShotCountCustomStepper.swift; sourceTree = "<group>"; };
		ABFE83F32859A876001461D4 /* EffectSectionView.swift */ = {isa = PBXFileReference; fileEncoding = 4; lastKnownFileType = sourcecode.swift; path = EffectSectionView.swift; sourceTree = "<group>"; };
		ABFE83F42859A876001461D4 /* FranchiseDrinkSizeButtonsGroupView.swift */ = {isa = PBXFileReference; fileEncoding = 4; lastKnownFileType = sourcecode.swift; path = FranchiseDrinkSizeButtonsGroupView.swift; sourceTree = "<group>"; };
		ABFE83F52859A876001461D4 /* AddCaffeineDetailCustomModifier.swift */ = {isa = PBXFileReference; fileEncoding = 4; lastKnownFileType = sourcecode.swift; path = AddCaffeineDetailCustomModifier.swift; sourceTree = "<group>"; };
		ABFE83F62859A876001461D4 /* AddCaffeineDetailView.swift */ = {isa = PBXFileReference; fileEncoding = 4; lastKnownFileType = sourcecode.swift; path = AddCaffeineDetailView.swift; sourceTree = "<group>"; };
		DA11290F28570EF20065BD33 /* DummyData.swift */ = {isa = PBXFileReference; lastKnownFileType = sourcecode.swift; path = DummyData.swift; sourceTree = "<group>"; };
		DA11291128570F4C0065BD33 /* TestView_P.swift */ = {isa = PBXFileReference; lastKnownFileType = sourcecode.swift; path = TestView_P.swift; sourceTree = "<group>"; };
		DA8E714728581674009836DE /* IntakeRecord.json */ = {isa = PBXFileReference; fileEncoding = 4; lastKnownFileType = text.json; path = IntakeRecord.json; sourceTree = "<group>"; };
		DA8E714828581674009836DE /* SideEffectRecord.json */ = {isa = PBXFileReference; fileEncoding = 4; lastKnownFileType = text.json; path = SideEffectRecord.json; sourceTree = "<group>"; };
/* End PBXFileReference section */

/* Begin PBXFrameworksBuildPhase section */
		AB1FBDEC2856B93300EB4F95 /* Frameworks */ = {
			isa = PBXFrameworksBuildPhase;
			buildActionMask = 2147483647;
			files = (
				AB528BD0285C4C1E00C213C6 /* SineWaveShape in Frameworks */,
				2ABF49482856DCAD000E3387 /* BarChart in Frameworks */,
			);
			runOnlyForDeploymentPostprocessing = 0;
		};
/* End PBXFrameworksBuildPhase section */

/* Begin PBXGroup section */
		52AFC4762858612D000199DF /* CaffeineBookDetail */ = {
			isa = PBXGroup;
			children = (
				52AFC4772858614E000199DF /* CaffeineBookDetailView.swift */,
			);
			path = CaffeineBookDetail;
			sourceTree = "<group>";
		};
		791F545D285A16CF0066F5B1 /* Setting */ = {
			isa = PBXGroup;
			children = (
				791F545E285A16DE0066F5B1 /* NotificationView.swift */,
				791F5464285A20180066F5B1 /* SettingView.swift */,
			);
			path = Setting;
			sourceTree = "<group>";
		};
		791F5466285ABD0A0066F5B1 /* Notification */ = {
			isa = PBXGroup;
			children = (
				791F5467285ABD2C0066F5B1 /* Notification.swift */,
			);
			path = Notification;
			sourceTree = "<group>";
		};
		AB18CCC42856D8B300DD1C5A /* Global */ = {
			isa = PBXGroup;
			children = (
				AB18CCC52856D8B300DD1C5A /* Repository */,
				AB18CCC92856D8B300DD1C5A /* Extension */,
				AB18CCCC2856D8B300DD1C5A /* Manager */,
				AB18CCD12856D8B300DD1C5A /* Formatter.swift */,
			);
			path = Global;
			sourceTree = "<group>";
		};
		AB18CCC52856D8B300DD1C5A /* Repository */ = {
			isa = PBXGroup;
			children = (
				AB18CCC62856D8B300DD1C5A /* SideEffectRepository.swift */,
				ABC0E9442859CD0E0046C9C8 /* BeverageRepository.swift */,
				AB18CCC82856D8B300DD1C5A /* IntakeRepository.swift */,
			);
			path = Repository;
			sourceTree = "<group>";
		};
		AB18CCC92856D8B300DD1C5A /* Extension */ = {
			isa = PBXGroup;
			children = (
				793214F5285702A500D7E4E1 /* UIApplication+.swift */,
				AB18CCCA2856D8B300DD1C5A /* tempExtension.swift */,
				AB18CCCB2856D8B300DD1C5A /* Color+.swift */,
			);
			path = Extension;
			sourceTree = "<group>";
		};
		AB18CCCC2856D8B300DD1C5A /* Manager */ = {
			isa = PBXGroup;
			children = (
				AB18CCCD2856D8B300DD1C5A /* BeverageManager.swift */,
				AB18CCCE2856D8B300DD1C5A /* SideEffectManager.swift */,
				AB18CCCF2856D8B300DD1C5A /* JSONManager.swift */,
				AB18CCD02856D8B300DD1C5A /* IntakeManager.swift */,
				791F545B285A16620066F5B1 /* NotificationManager.swift */,
			);
			path = Manager;
			sourceTree = "<group>";
		};
		AB18CCD22856D8B300DD1C5A /* Resources */ = {
			isa = PBXGroup;
			children = (
				ABC0E9482859CD780046C9C8 /* BeverageData.json */,
				DA8E714728581674009836DE /* IntakeRecord.json */,
				DA8E714828581674009836DE /* SideEffectRecord.json */,
				DA11290F28570EF20065BD33 /* DummyData.swift */,
				AB18CCD42856D8B300DD1C5A /* tempResources.swift */,
			);
			path = Resources;
			sourceTree = "<group>";
		};
		AB18CCD52856D8B300DD1C5A /* Model */ = {
			isa = PBXGroup;
			children = (
				AB18CCD62856D8B300DD1C5A /* tempModel.swift */,
				AB18CCD72856D8B300DD1C5A /* Intake */,
				791F5466285ABD0A0066F5B1 /* Notification */,
				AB18CCDB2856D8B300DD1C5A /* SideEffect */,
			);
			path = Model;
			sourceTree = "<group>";
		};
		AB18CCD72856D8B300DD1C5A /* Intake */ = {
			isa = PBXGroup;
			children = (
				ABA3D6D32859DAFF00D60A6C /* Franchise.swift */,
				AB18CCD82856D8B300DD1C5A /* Beverage.swift */,
				AB18CCD92856D8B300DD1C5A /* IntakeRecord.swift */,
			);
			path = Intake;
			sourceTree = "<group>";
		};
		AB18CCDB2856D8B300DD1C5A /* SideEffect */ = {
			isa = PBXGroup;
			children = (
				AB18CCDC2856D8B300DD1C5A /* SideEffectRecord.swift */,
			);
			path = SideEffect;
			sourceTree = "<group>";
		};
		AB18CCDD2856D8B300DD1C5A /* Views */ = {
			isa = PBXGroup;
			children = (
				791F545D285A16CF0066F5B1 /* Setting */,
				AB528BCC285C485B00C213C6 /* MainView.swift */,
				AB528BBC285C485000C213C6 /* Today */,
				ABC0E94E2859CDDE0046C9C8 /* CaffeineBook */,
				52AFC4762858612D000199DF /* CaffeineBookDetail */,
				AB18CCDE2856D8B300DD1C5A /* Trend */,
				AB18CCE02856D8B300DD1C5A /* AddSideEffect */,
				AB18CCE32856D8B300DD1C5A /* ContentView.swift */,
				DA11291128570F4C0065BD33 /* TestView_P.swift */,
				AB18CCE42856D8B300DD1C5A /* AddCaffeine */,
				ABC3E9552858122F0091CC8E /* TotalList */,
				ABFE83F02859A876001461D4 /* AddCaffeineDetail */,
			);
			path = Views;
			sourceTree = "<group>";
		};
		AB18CCDE2856D8B300DD1C5A /* Trend */ = {
			isa = PBXGroup;
			children = (
				AB18CCDF2856D8B300DD1C5A /* TrendView.swift */,
				2A427E2C285859D700089AC0 /* TrendChartView.swift */,
				2A427E282858548900089AC0 /* ChartSelectionIndicatorView.swift */,
			);
			path = Trend;
			sourceTree = "<group>";
		};
		AB18CCE02856D8B300DD1C5A /* AddSideEffect */ = {
			isa = PBXGroup;
			children = (
				AB18CCE12856D8B300DD1C5A /* HomeView_G.swift */,
				AB18CCE22856D8B300DD1C5A /* AddSideEffectView.swift */,
			);
			path = AddSideEffect;
			sourceTree = "<group>";
		};
		AB18CCE42856D8B300DD1C5A /* AddCaffeine */ = {
			isa = PBXGroup;
			children = (
				793214F7285702BB00D7E4E1 /* SearchBarView.swift */,
				AB18CCE52856D8B300DD1C5A /* HomeView.swift */,
				AB18CCE62856D8B300DD1C5A /* SearchCaffeineLayoutValue.swift */,
				AB18CCE72856D8B300DD1C5A /* SearchCaffeineView.swift */,
				797B456628570C4200DB45FA /* SearchResultView.swift */,
			);
			path = AddCaffeine;
			sourceTree = "<group>";
		};
		AB18CCE92856D8B300DD1C5A /* ViewModel */ = {
			isa = PBXGroup;
			children = (
				AB528BBA285C46C900C213C6 /* TodayStateHolder.swift */,
				ABC0E94B2859CDC60046C9C8 /* CaffeineBook */,
				AB18CCEA2856D8B300DD1C5A /* tempViewModel.swift */,
				79421B9C285722B400DFD58A /* SearchCaffeineStateHolder.swift */,
				52AFC472285704AB000199DF /* AddSideEffectStateHolder.swift */,
				5220177E2859B6AD005A5BEC /* CaffeineBookDetailStateHolder.swift */,
				791F5460285A1C3B0066F5B1 /* NotificationStateHolder.swift */,
			);
			path = ViewModel;
			sourceTree = "<group>";
		};
		AB1FBDE62856B93300EB4F95 = {
			isa = PBXGroup;
			children = (
				AB1FBDF12856B93300EB4F95 /* Techome */,
				AB1FBDF02856B93300EB4F95 /* Products */,
			);
			sourceTree = "<group>";
		};
		AB1FBDF02856B93300EB4F95 /* Products */ = {
			isa = PBXGroup;
			children = (
				AB1FBDEF2856B93300EB4F95 /* Techome.app */,
			);
			name = Products;
			sourceTree = "<group>";
		};
		AB1FBDF12856B93300EB4F95 /* Techome */ = {
			isa = PBXGroup;
			children = (
				AB18CCEB2856D8B300DD1C5A /* Assets.xcassets */,
				AB18CCD22856D8B300DD1C5A /* Resources */,
				AB18CCC42856D8B300DD1C5A /* Global */,
				AB18CCD52856D8B300DD1C5A /* Model */,
				AB18CCE82856D8B300DD1C5A /* TechomeApp.swift */,
				AB18CCE92856D8B300DD1C5A /* ViewModel */,
				AB18CCDD2856D8B300DD1C5A /* Views */,
				AB1FBDF82856B93400EB4F95 /* Preview Content */,
			);
			path = Techome;
			sourceTree = "<group>";
		};
		AB1FBDF82856B93400EB4F95 /* Preview Content */ = {
			isa = PBXGroup;
			children = (
				AB1FBDF92856B93400EB4F95 /* Preview Assets.xcassets */,
			);
			path = "Preview Content";
			sourceTree = "<group>";
		};
		AB528BBC285C485000C213C6 /* Today */ = {
			isa = PBXGroup;
			children = (
				AB528BBD285C485000C213C6 /* TodayLayoutValue.swift */,
				AB528BBE285C485000C213C6 /* Components */,
				AB528BC4285C485000C213C6 /* TodayView.swift */,
			);
			path = Today;
			sourceTree = "<group>";
		};
		AB528BBE285C485000C213C6 /* Components */ = {
			isa = PBXGroup;
			children = (
				AB528BBF285C485000C213C6 /* TodayViewTopBottons.swift */,
				AB528BC0285C485000C213C6 /* ExhaustTimeStatement.swift */,
				AB528BC1285C485000C213C6 /* AddCaffeineButton.swift */,
				AB528BC2285C485000C213C6 /* BackgroundAnimationView.swift */,
				AB528BC3285C485000C213C6 /* RemainingCaffeineStatement.swift */,
			);
			path = Components;
			sourceTree = "<group>";
		};
		ABC0E94B2859CDC60046C9C8 /* CaffeineBook */ = {
			isa = PBXGroup;
			children = (
				ABC0E94C2859CDC60046C9C8 /* CaffeineBookStateHolder.swift */,
			);
			path = CaffeineBook;
			sourceTree = "<group>";
		};
		ABC0E94E2859CDDE0046C9C8 /* CaffeineBook */ = {
			isa = PBXGroup;
			children = (
				ABC0E94F2859CDDE0046C9C8 /* CaffeineBookView.swift */,
				ABC0E9502859CDDE0046C9C8 /* CaffeineBookLayoutValue.swift */,
				ABC0E9512859CDDE0046C9C8 /* TopBar */,
				ABC0E9562859CDDE0046C9C8 /* BeverageList */,
			);
			path = CaffeineBook;
			sourceTree = "<group>";
		};
		ABC0E9512859CDDE0046C9C8 /* TopBar */ = {
			isa = PBXGroup;
			children = (
				ABC0E9522859CDDE0046C9C8 /* CategoryCell.swift */,
				ABC0E9532859CDDE0046C9C8 /* FranchiseCell.swift */,
				ABC0E9542859CDDE0046C9C8 /* FranchiseRow.swift */,
				ABC0E9552859CDDE0046C9C8 /* CategoryRow.swift */,
			);
			path = TopBar;
			sourceTree = "<group>";
		};
		ABC0E9562859CDDE0046C9C8 /* BeverageList */ = {
			isa = PBXGroup;
			children = (
				ABC0E9572859CDDE0046C9C8 /* BeverageListRow.swift */,
				ABC0E9582859CDDE0046C9C8 /* EmptyListView.swift */,
				ABC0E9592859CDDE0046C9C8 /* BeverageList.swift */,
			);
			path = BeverageList;
			sourceTree = "<group>";
		};
		ABC3E9552858122F0091CC8E /* TotalList */ = {
			isa = PBXGroup;
			children = (
				ABC3E9562858122F0091CC8E /* TotalListView.swift */,
			);
			name = TotalList;
			path = Techome/Views/TotalList;
			sourceTree = SOURCE_ROOT;
		};
		ABFE83F02859A876001461D4 /* AddCaffeineDetail */ = {
			isa = PBXGroup;
			children = (
				ABFE83F12859A876001461D4 /* Components */,
				ABFE83F52859A876001461D4 /* AddCaffeineDetailCustomModifier.swift */,
				ABFE83F62859A876001461D4 /* AddCaffeineDetailView.swift */,
			);
			path = AddCaffeineDetail;
			sourceTree = "<group>";
		};
		ABFE83F12859A876001461D4 /* Components */ = {
			isa = PBXGroup;
			children = (
				ABFE83F22859A876001461D4 /* EspressoShotCountCustomStepper.swift */,
				ABFE83F32859A876001461D4 /* EffectSectionView.swift */,
				ABFE83F42859A876001461D4 /* FranchiseDrinkSizeButtonsGroupView.swift */,
			);
			path = Components;
			sourceTree = "<group>";
		};
/* End PBXGroup section */

/* Begin PBXNativeTarget section */
		AB1FBDEE2856B93300EB4F95 /* Techome */ = {
			isa = PBXNativeTarget;
			buildConfigurationList = AB1FBDFD2856B93400EB4F95 /* Build configuration list for PBXNativeTarget "Techome" */;
			buildPhases = (
				AB1FBDEB2856B93300EB4F95 /* Sources */,
				AB1FBDEC2856B93300EB4F95 /* Frameworks */,
				AB1FBDED2856B93300EB4F95 /* Resources */,
			);
			buildRules = (
			);
			dependencies = (
			);
			name = Techome;
			packageProductDependencies = (
				2ABF49472856DCAD000E3387 /* BarChart */,
				AB528BCF285C4C1E00C213C6 /* SineWaveShape */,
			);
			productName = Techome;
			productReference = AB1FBDEF2856B93300EB4F95 /* Techome.app */;
			productType = "com.apple.product-type.application";
		};
/* End PBXNativeTarget section */

/* Begin PBXProject section */
		AB1FBDE72856B93300EB4F95 /* Project object */ = {
			isa = PBXProject;
			attributes = {
				BuildIndependentTargetsInParallel = 1;
				LastSwiftUpdateCheck = 1340;
				LastUpgradeCheck = 1340;
				TargetAttributes = {
					AB1FBDEE2856B93300EB4F95 = {
						CreatedOnToolsVersion = 13.4.1;
						LastSwiftMigration = 1340;
					};
				};
			};
			buildConfigurationList = AB1FBDEA2856B93300EB4F95 /* Build configuration list for PBXProject "Techome" */;
			compatibilityVersion = "Xcode 13.0";
			developmentRegion = en;
			hasScannedForEncodings = 0;
			knownRegions = (
				en,
				Base,
			);
			mainGroup = AB1FBDE62856B93300EB4F95;
			packageReferences = (
				2ABF49462856DCAC000E3387 /* XCRemoteSwiftPackageReference "BarChart" */,
				AB528BCE285C4C1E00C213C6 /* XCRemoteSwiftPackageReference "SineWaveShape" */,
			);
			productRefGroup = AB1FBDF02856B93300EB4F95 /* Products */;
			projectDirPath = "";
			projectRoot = "";
			targets = (
				AB1FBDEE2856B93300EB4F95 /* Techome */,
			);
		};
/* End PBXProject section */

/* Begin PBXResourcesBuildPhase section */
		AB1FBDED2856B93300EB4F95 /* Resources */ = {
			isa = PBXResourcesBuildPhase;
			buildActionMask = 2147483647;
			files = (
				ABC0E9492859CD780046C9C8 /* BeverageData.json in Resources */,
				DA8E714928581674009836DE /* IntakeRecord.json in Resources */,
				DA8E714A28581674009836DE /* SideEffectRecord.json in Resources */,
				AB18CD072856D8B300DD1C5A /* Assets.xcassets in Resources */,
				AB1FBDFA2856B93400EB4F95 /* Preview Assets.xcassets in Resources */,
			);
			runOnlyForDeploymentPostprocessing = 0;
		};
/* End PBXResourcesBuildPhase section */

/* Begin PBXSourcesBuildPhase section */
		AB1FBDEB2856B93300EB4F95 /* Sources */ = {
			isa = PBXSourcesBuildPhase;
			buildActionMask = 2147483647;
			files = (
				793214F6285702A500D7E4E1 /* UIApplication+.swift in Sources */,
				797B456728570C4200DB45FA /* SearchResultView.swift in Sources */,
				AB18CCF62856D8B300DD1C5A /* Formatter.swift in Sources */,
				AB528BC6285C485000C213C6 /* TodayViewTopBottons.swift in Sources */,
				ABC0E95E2859CDDE0046C9C8 /* FranchiseRow.swift in Sources */,
				AB18CCFD2856D8B300DD1C5A /* SideEffectRecord.swift in Sources */,
				AB18CD062856D8B300DD1C5A /* tempViewModel.swift in Sources */,
				791F545C285A16620066F5B1 /* NotificationManager.swift in Sources */,
				52AFC473285704AB000199DF /* AddSideEffectStateHolder.swift in Sources */,
				ABC0E9622859CDDE0046C9C8 /* BeverageList.swift in Sources */,
				AB18CD012856D8B300DD1C5A /* ContentView.swift in Sources */,
				ABFE83F72859A876001461D4 /* EspressoShotCountCustomStepper.swift in Sources */,
				AB18CCF12856D8B300DD1C5A /* Color+.swift in Sources */,
				AB18CD042856D8B300DD1C5A /* SearchCaffeineView.swift in Sources */,
				AB18CD052856D8B300DD1C5A /* TechomeApp.swift in Sources */,
				ABFE83FA2859A876001461D4 /* AddCaffeineDetailCustomModifier.swift in Sources */,
				AB18CD022856D8B300DD1C5A /* HomeView.swift in Sources */,
				791F545F285A16DE0066F5B1 /* NotificationView.swift in Sources */,
				ABC0E95A2859CDDE0046C9C8 /* CaffeineBookView.swift in Sources */,
				DA11291228570F4C0065BD33 /* TestView_P.swift in Sources */,
				AB18CD002856D8B300DD1C5A /* AddSideEffectView.swift in Sources */,
				791F5461285A1C3B0066F5B1 /* NotificationStateHolder.swift in Sources */,
				791F5465285A20180066F5B1 /* SettingView.swift in Sources */,
				AB18CCF92856D8B300DD1C5A /* tempModel.swift in Sources */,
				2A427E2D285859D700089AC0 /* TrendChartView.swift in Sources */,
				5220177F2859B6AD005A5BEC /* CaffeineBookDetailStateHolder.swift in Sources */,
				AB18CCEF2856D8B300DD1C5A /* IntakeRepository.swift in Sources */,
				ABFE83F92859A876001461D4 /* FranchiseDrinkSizeButtonsGroupView.swift in Sources */,
				ABC0E95D2859CDDE0046C9C8 /* FranchiseCell.swift in Sources */,
				ABC0E95F2859CDDE0046C9C8 /* CategoryRow.swift in Sources */,
				ABC0E9452859CD0E0046C9C8 /* BeverageRepository.swift in Sources */,
				ABC0E95C2859CDDE0046C9C8 /* CategoryCell.swift in Sources */,
				AB18CCF02856D8B300DD1C5A /* tempExtension.swift in Sources */,
				52AFC4782858614E000199DF /* CaffeineBookDetailView.swift in Sources */,
				ABFE83F82859A876001461D4 /* EffectSectionView.swift in Sources */,
				ABC3E9572858122F0091CC8E /* TotalListView.swift in Sources */,
				AB528BC5285C485000C213C6 /* TodayLayoutValue.swift in Sources */,
				2A427E292858548900089AC0 /* ChartSelectionIndicatorView.swift in Sources */,
				AB528BCA285C485000C213C6 /* RemainingCaffeineStatement.swift in Sources */,
				AB528BCD285C485B00C213C6 /* MainView.swift in Sources */,
				AB18CCFA2856D8B300DD1C5A /* Beverage.swift in Sources */,
				AB528BC7285C485000C213C6 /* ExhaustTimeStatement.swift in Sources */,
				ABFE83FB2859A876001461D4 /* AddCaffeineDetailView.swift in Sources */,
				ABC0E9602859CDDE0046C9C8 /* BeverageListRow.swift in Sources */,
				AB18CCF22856D8B300DD1C5A /* BeverageManager.swift in Sources */,
				AB528BC8285C485000C213C6 /* AddCaffeineButton.swift in Sources */,
				ABC0E94D2859CDC60046C9C8 /* CaffeineBookStateHolder.swift in Sources */,
				AB18CCF52856D8B300DD1C5A /* IntakeManager.swift in Sources */,
				ABA3D6D42859DAFF00D60A6C /* Franchise.swift in Sources */,
				AB18CCF82856D8B300DD1C5A /* tempResources.swift in Sources */,
				AB18CCFB2856D8B300DD1C5A /* IntakeRecord.swift in Sources */,
				793214F8285702BB00D7E4E1 /* SearchBarView.swift in Sources */,
				AB18CCED2856D8B300DD1C5A /* SideEffectRepository.swift in Sources */,
				AB18CD032856D8B300DD1C5A /* SearchCaffeineLayoutValue.swift in Sources */,
				ABC0E95B2859CDDE0046C9C8 /* CaffeineBookLayoutValue.swift in Sources */,
				AB18CCF42856D8B300DD1C5A /* JSONManager.swift in Sources */,
				AB18CCFE2856D8B300DD1C5A /* TrendView.swift in Sources */,
				79421B9D285722B400DFD58A /* SearchCaffeineStateHolder.swift in Sources */,
				AB528BBB285C46C900C213C6 /* TodayStateHolder.swift in Sources */,
				AB18CCF32856D8B300DD1C5A /* SideEffectManager.swift in Sources */,
				791F5468285ABD2C0066F5B1 /* Notification.swift in Sources */,
				DA11291028570EF20065BD33 /* DummyData.swift in Sources */,
				AB528BC9285C485000C213C6 /* BackgroundAnimationView.swift in Sources */,
				AB18CCFF2856D8B300DD1C5A /* HomeView_G.swift in Sources */,
				AB528BCB285C485000C213C6 /* TodayView.swift in Sources */,
				ABC0E9612859CDDE0046C9C8 /* EmptyListView.swift in Sources */,
			);
			runOnlyForDeploymentPostprocessing = 0;
		};
/* End PBXSourcesBuildPhase section */

/* Begin XCBuildConfiguration section */
		AB1FBDFB2856B93400EB4F95 /* Debug */ = {
			isa = XCBuildConfiguration;
			buildSettings = {
				ALWAYS_SEARCH_USER_PATHS = NO;
				CLANG_ANALYZER_NONNULL = YES;
				CLANG_ANALYZER_NUMBER_OBJECT_CONVERSION = YES_AGGRESSIVE;
				CLANG_CXX_LANGUAGE_STANDARD = "gnu++17";
				CLANG_ENABLE_MODULES = YES;
				CLANG_ENABLE_OBJC_ARC = YES;
				CLANG_ENABLE_OBJC_WEAK = YES;
				CLANG_WARN_BLOCK_CAPTURE_AUTORELEASING = YES;
				CLANG_WARN_BOOL_CONVERSION = YES;
				CLANG_WARN_COMMA = YES;
				CLANG_WARN_CONSTANT_CONVERSION = YES;
				CLANG_WARN_DEPRECATED_OBJC_IMPLEMENTATIONS = YES;
				CLANG_WARN_DIRECT_OBJC_ISA_USAGE = YES_ERROR;
				CLANG_WARN_DOCUMENTATION_COMMENTS = YES;
				CLANG_WARN_EMPTY_BODY = YES;
				CLANG_WARN_ENUM_CONVERSION = YES;
				CLANG_WARN_INFINITE_RECURSION = YES;
				CLANG_WARN_INT_CONVERSION = YES;
				CLANG_WARN_NON_LITERAL_NULL_CONVERSION = YES;
				CLANG_WARN_OBJC_IMPLICIT_RETAIN_SELF = YES;
				CLANG_WARN_OBJC_LITERAL_CONVERSION = YES;
				CLANG_WARN_OBJC_ROOT_CLASS = YES_ERROR;
				CLANG_WARN_QUOTED_INCLUDE_IN_FRAMEWORK_HEADER = YES;
				CLANG_WARN_RANGE_LOOP_ANALYSIS = YES;
				CLANG_WARN_STRICT_PROTOTYPES = YES;
				CLANG_WARN_SUSPICIOUS_MOVE = YES;
				CLANG_WARN_UNGUARDED_AVAILABILITY = YES_AGGRESSIVE;
				CLANG_WARN_UNREACHABLE_CODE = YES;
				CLANG_WARN__DUPLICATE_METHOD_MATCH = YES;
				COPY_PHASE_STRIP = NO;
				DEBUG_INFORMATION_FORMAT = dwarf;
				ENABLE_STRICT_OBJC_MSGSEND = YES;
				ENABLE_TESTABILITY = YES;
				GCC_C_LANGUAGE_STANDARD = gnu11;
				GCC_DYNAMIC_NO_PIC = NO;
				GCC_NO_COMMON_BLOCKS = YES;
				GCC_OPTIMIZATION_LEVEL = 0;
				GCC_PREPROCESSOR_DEFINITIONS = (
					"DEBUG=1",
					"$(inherited)",
				);
				GCC_WARN_64_TO_32_BIT_CONVERSION = YES;
				GCC_WARN_ABOUT_RETURN_TYPE = YES_ERROR;
				GCC_WARN_UNDECLARED_SELECTOR = YES;
				GCC_WARN_UNINITIALIZED_AUTOS = YES_AGGRESSIVE;
				GCC_WARN_UNUSED_FUNCTION = YES;
				GCC_WARN_UNUSED_VARIABLE = YES;
				IPHONEOS_DEPLOYMENT_TARGET = 15.0;
				MTL_ENABLE_DEBUG_INFO = INCLUDE_SOURCE;
				MTL_FAST_MATH = YES;
				ONLY_ACTIVE_ARCH = YES;
				SDKROOT = iphoneos;
				SWIFT_ACTIVE_COMPILATION_CONDITIONS = DEBUG;
				SWIFT_OPTIMIZATION_LEVEL = "-Onone";
			};
			name = Debug;
		};
		AB1FBDFC2856B93400EB4F95 /* Release */ = {
			isa = XCBuildConfiguration;
			buildSettings = {
				ALWAYS_SEARCH_USER_PATHS = NO;
				CLANG_ANALYZER_NONNULL = YES;
				CLANG_ANALYZER_NUMBER_OBJECT_CONVERSION = YES_AGGRESSIVE;
				CLANG_CXX_LANGUAGE_STANDARD = "gnu++17";
				CLANG_ENABLE_MODULES = YES;
				CLANG_ENABLE_OBJC_ARC = YES;
				CLANG_ENABLE_OBJC_WEAK = YES;
				CLANG_WARN_BLOCK_CAPTURE_AUTORELEASING = YES;
				CLANG_WARN_BOOL_CONVERSION = YES;
				CLANG_WARN_COMMA = YES;
				CLANG_WARN_CONSTANT_CONVERSION = YES;
				CLANG_WARN_DEPRECATED_OBJC_IMPLEMENTATIONS = YES;
				CLANG_WARN_DIRECT_OBJC_ISA_USAGE = YES_ERROR;
				CLANG_WARN_DOCUMENTATION_COMMENTS = YES;
				CLANG_WARN_EMPTY_BODY = YES;
				CLANG_WARN_ENUM_CONVERSION = YES;
				CLANG_WARN_INFINITE_RECURSION = YES;
				CLANG_WARN_INT_CONVERSION = YES;
				CLANG_WARN_NON_LITERAL_NULL_CONVERSION = YES;
				CLANG_WARN_OBJC_IMPLICIT_RETAIN_SELF = YES;
				CLANG_WARN_OBJC_LITERAL_CONVERSION = YES;
				CLANG_WARN_OBJC_ROOT_CLASS = YES_ERROR;
				CLANG_WARN_QUOTED_INCLUDE_IN_FRAMEWORK_HEADER = YES;
				CLANG_WARN_RANGE_LOOP_ANALYSIS = YES;
				CLANG_WARN_STRICT_PROTOTYPES = YES;
				CLANG_WARN_SUSPICIOUS_MOVE = YES;
				CLANG_WARN_UNGUARDED_AVAILABILITY = YES_AGGRESSIVE;
				CLANG_WARN_UNREACHABLE_CODE = YES;
				CLANG_WARN__DUPLICATE_METHOD_MATCH = YES;
				COPY_PHASE_STRIP = NO;
				DEBUG_INFORMATION_FORMAT = "dwarf-with-dsym";
				ENABLE_NS_ASSERTIONS = NO;
				ENABLE_STRICT_OBJC_MSGSEND = YES;
				GCC_C_LANGUAGE_STANDARD = gnu11;
				GCC_NO_COMMON_BLOCKS = YES;
				GCC_WARN_64_TO_32_BIT_CONVERSION = YES;
				GCC_WARN_ABOUT_RETURN_TYPE = YES_ERROR;
				GCC_WARN_UNDECLARED_SELECTOR = YES;
				GCC_WARN_UNINITIALIZED_AUTOS = YES_AGGRESSIVE;
				GCC_WARN_UNUSED_FUNCTION = YES;
				GCC_WARN_UNUSED_VARIABLE = YES;
				IPHONEOS_DEPLOYMENT_TARGET = 15.0;
				MTL_ENABLE_DEBUG_INFO = NO;
				MTL_FAST_MATH = YES;
				SDKROOT = iphoneos;
				SWIFT_COMPILATION_MODE = wholemodule;
				SWIFT_OPTIMIZATION_LEVEL = "-O";
				VALIDATE_PRODUCT = YES;
			};
			name = Release;
		};
		AB1FBDFE2856B93400EB4F95 /* Debug */ = {
			isa = XCBuildConfiguration;
			buildSettings = {
				ASSETCATALOG_COMPILER_APPICON_NAME = AppIcon;
				ASSETCATALOG_COMPILER_GLOBAL_ACCENT_COLOR_NAME = AccentColor;
				CLANG_ENABLE_MODULES = YES;
				CODE_SIGN_STYLE = Automatic;
				CURRENT_PROJECT_VERSION = 1;
				DEVELOPMENT_ASSET_PATHS = "\"Techome/Preview Content\"";
				DEVELOPMENT_TEAM = 8QSTXVD8H9;
				ENABLE_PREVIEWS = YES;
				GENERATE_INFOPLIST_FILE = YES;
				INFOPLIST_KEY_UIApplicationSceneManifest_Generation = YES;
				INFOPLIST_KEY_UIApplicationSupportsIndirectInputEvents = YES;
				INFOPLIST_KEY_UILaunchScreen_Generation = YES;
				INFOPLIST_KEY_UISupportedInterfaceOrientations_iPad = "UIInterfaceOrientationPortrait UIInterfaceOrientationPortraitUpsideDown UIInterfaceOrientationLandscapeLeft UIInterfaceOrientationLandscapeRight";
				INFOPLIST_KEY_UISupportedInterfaceOrientations_iPhone = "UIInterfaceOrientationPortrait UIInterfaceOrientationLandscapeLeft UIInterfaceOrientationLandscapeRight";
				LD_RUNPATH_SEARCH_PATHS = (
					"$(inherited)",
					"@executable_path/Frameworks",
				);
				MARKETING_VERSION = 1.0;
				PRODUCT_BUNDLE_IDENTIFIER = ADA.MC2.Techome;
				PRODUCT_NAME = "$(TARGET_NAME)";
				SWIFT_EMIT_LOC_STRINGS = YES;
				SWIFT_OPTIMIZATION_LEVEL = "-Onone";
				SWIFT_VERSION = 5.0;
				TARGETED_DEVICE_FAMILY = "1,2";
			};
			name = Debug;
		};
		AB1FBDFF2856B93400EB4F95 /* Release */ = {
			isa = XCBuildConfiguration;
			buildSettings = {
				ASSETCATALOG_COMPILER_APPICON_NAME = AppIcon;
				ASSETCATALOG_COMPILER_GLOBAL_ACCENT_COLOR_NAME = AccentColor;
				CLANG_ENABLE_MODULES = YES;
				CODE_SIGN_STYLE = Automatic;
				CURRENT_PROJECT_VERSION = 1;
				DEVELOPMENT_ASSET_PATHS = "\"Techome/Preview Content\"";
				DEVELOPMENT_TEAM = 8QSTXVD8H9;
				ENABLE_PREVIEWS = YES;
				GENERATE_INFOPLIST_FILE = YES;
				INFOPLIST_KEY_UIApplicationSceneManifest_Generation = YES;
				INFOPLIST_KEY_UIApplicationSupportsIndirectInputEvents = YES;
				INFOPLIST_KEY_UILaunchScreen_Generation = YES;
				INFOPLIST_KEY_UISupportedInterfaceOrientations_iPad = "UIInterfaceOrientationPortrait UIInterfaceOrientationPortraitUpsideDown UIInterfaceOrientationLandscapeLeft UIInterfaceOrientationLandscapeRight";
				INFOPLIST_KEY_UISupportedInterfaceOrientations_iPhone = "UIInterfaceOrientationPortrait UIInterfaceOrientationLandscapeLeft UIInterfaceOrientationLandscapeRight";
				LD_RUNPATH_SEARCH_PATHS = (
					"$(inherited)",
					"@executable_path/Frameworks",
				);
				MARKETING_VERSION = 1.0;
				PRODUCT_BUNDLE_IDENTIFIER = ADA.MC2.Techome;
				PRODUCT_NAME = "$(TARGET_NAME)";
				SWIFT_EMIT_LOC_STRINGS = YES;
				SWIFT_VERSION = 5.0;
				TARGETED_DEVICE_FAMILY = "1,2";
			};
			name = Release;
		};
/* End XCBuildConfiguration section */

/* Begin XCConfigurationList section */
		AB1FBDEA2856B93300EB4F95 /* Build configuration list for PBXProject "Techome" */ = {
			isa = XCConfigurationList;
			buildConfigurations = (
				AB1FBDFB2856B93400EB4F95 /* Debug */,
				AB1FBDFC2856B93400EB4F95 /* Release */,
			);
			defaultConfigurationIsVisible = 0;
			defaultConfigurationName = Release;
		};
		AB1FBDFD2856B93400EB4F95 /* Build configuration list for PBXNativeTarget "Techome" */ = {
			isa = XCConfigurationList;
			buildConfigurations = (
				AB1FBDFE2856B93400EB4F95 /* Debug */,
				AB1FBDFF2856B93400EB4F95 /* Release */,
			);
			defaultConfigurationIsVisible = 0;
			defaultConfigurationName = Release;
		};
/* End XCConfigurationList section */

/* Begin XCRemoteSwiftPackageReference section */
		2ABF49462856DCAC000E3387 /* XCRemoteSwiftPackageReference "BarChart" */ = {
			isa = XCRemoteSwiftPackageReference;
			repositoryURL = "https://github.com/dawigr/BarChart.git";
			requirement = {
				branch = master;
				kind = branch;
			};
		};
		AB528BCE285C4C1E00C213C6 /* XCRemoteSwiftPackageReference "SineWaveShape" */ = {
			isa = XCRemoteSwiftPackageReference;
			repositoryURL = "https://github.com/MrChens/SineWaveShape?ref=iosexample.com";
			requirement = {
				kind = upToNextMajorVersion;
				minimumVersion = 1.0.0;
			};
		};
/* End XCRemoteSwiftPackageReference section */

/* Begin XCSwiftPackageProductDependency section */
		2ABF49472856DCAD000E3387 /* BarChart */ = {
			isa = XCSwiftPackageProductDependency;
			package = 2ABF49462856DCAC000E3387 /* XCRemoteSwiftPackageReference "BarChart" */;
			productName = BarChart;
		};
		AB528BCF285C4C1E00C213C6 /* SineWaveShape */ = {
			isa = XCSwiftPackageProductDependency;
			package = AB528BCE285C4C1E00C213C6 /* XCRemoteSwiftPackageReference "SineWaveShape" */;
			productName = SineWaveShape;
		};
/* End XCSwiftPackageProductDependency section */
	};
	rootObject = AB1FBDE72856B93300EB4F95 /* Project object */;
}
